// !$*UTF8*$!
{
	archiveVersion = 1;
	classes = {
	};
	objectVersion = 46;
	objects = {

/* Begin PBXBuildFile section */
		BBAB23CB13894F3D00AA2426 /* GLUT.framework in CopyFiles */ = {isa = PBXBuildFile; fileRef = BBAB23BE13894E4700AA2426 /* GLUT.framework */; };
		DD139E3F15A8B38D0013B788 /* tinyxml.cpp in Sources */ = {isa = PBXBuildFile; fileRef = DD139E3815A8B38D0013B788 /* tinyxml.cpp */; };
		DD139E4015A8B38D0013B788 /* tinyxmlerror.cpp in Sources */ = {isa = PBXBuildFile; fileRef = DD139E3A15A8B38D0013B788 /* tinyxmlerror.cpp */; };
		DD139E4115A8B38D0013B788 /* tinyxmlparser.cpp in Sources */ = {isa = PBXBuildFile; fileRef = DD139E3B15A8B38D0013B788 /* tinyxmlparser.cpp */; };
		DD139E4215A8B38D0013B788 /* ofxXmlSettings.cpp in Sources */ = {isa = PBXBuildFile; fileRef = DD139E3D15A8B38D0013B788 /* ofxXmlSettings.cpp */; };
		DD5B0DA915C6B55700DA4024 /* WiiRemote.m in Sources */ = {isa = PBXBuildFile; fileRef = DD5B0DA515C6B55700DA4024 /* WiiRemote.m */; };
		DD5B0DAA15C6B55700DA4024 /* WiiRemoteDiscovery.m in Sources */ = {isa = PBXBuildFile; fileRef = DD5B0DA715C6B55700DA4024 /* WiiRemoteDiscovery.m */; };
		DD5B0DAE15C73AF700DA4024 /* wiiRemoteObjC.mm in Sources */ = {isa = PBXBuildFile; fileRef = DD5B0DAD15C73AF700DA4024 /* wiiRemoteObjC.mm */; };
		DD61F6FC15938B0A00E0F3B7 /* IpEndpointName.cpp in Sources */ = {isa = PBXBuildFile; fileRef = DD61F6D815938B0A00E0F3B7 /* IpEndpointName.cpp */; };
		DD61F6FD15938B0A00E0F3B7 /* NetworkingUtils.cpp in Sources */ = {isa = PBXBuildFile; fileRef = DD61F6DD15938B0A00E0F3B7 /* NetworkingUtils.cpp */; };
		DD61F6FE15938B0A00E0F3B7 /* UdpSocket.cpp in Sources */ = {isa = PBXBuildFile; fileRef = DD61F6DE15938B0A00E0F3B7 /* UdpSocket.cpp */; };
		DD61F6FF15938B0A00E0F3B7 /* NetworkingUtilsWin.cpp in Sources */ = {isa = PBXBuildFile; fileRef = DD61F6E215938B0A00E0F3B7 /* NetworkingUtilsWin.cpp */; };
		DD61F70015938B0A00E0F3B7 /* UdpSocketWin.cpp in Sources */ = {isa = PBXBuildFile; fileRef = DD61F6E315938B0A00E0F3B7 /* UdpSocketWin.cpp */; };
		DD61F70115938B0A00E0F3B7 /* OscOutboundPacketStream.cpp in Sources */ = {isa = PBXBuildFile; fileRef = DD61F6E815938B0A00E0F3B7 /* OscOutboundPacketStream.cpp */; };
		DD61F70215938B0A00E0F3B7 /* OscPrintReceivedElements.cpp in Sources */ = {isa = PBXBuildFile; fileRef = DD61F6EB15938B0A00E0F3B7 /* OscPrintReceivedElements.cpp */; };
		DD61F70315938B0A00E0F3B7 /* OscReceivedElements.cpp in Sources */ = {isa = PBXBuildFile; fileRef = DD61F6ED15938B0A00E0F3B7 /* OscReceivedElements.cpp */; };
		DD61F70415938B0A00E0F3B7 /* OscTypes.cpp in Sources */ = {isa = PBXBuildFile; fileRef = DD61F6EF15938B0A00E0F3B7 /* OscTypes.cpp */; };
		DD61F70515938B0A00E0F3B7 /* ofxOscBundle.cpp in Sources */ = {isa = PBXBuildFile; fileRef = DD61F6F415938B0A00E0F3B7 /* ofxOscBundle.cpp */; };
		DD61F70615938B0A00E0F3B7 /* ofxOscMessage.cpp in Sources */ = {isa = PBXBuildFile; fileRef = DD61F6F615938B0A00E0F3B7 /* ofxOscMessage.cpp */; };
		DD61F70715938B0A00E0F3B7 /* ofxOscReceiver.cpp in Sources */ = {isa = PBXBuildFile; fileRef = DD61F6F815938B0A00E0F3B7 /* ofxOscReceiver.cpp */; };
		DD61F70815938B0A00E0F3B7 /* ofxOscSender.cpp in Sources */ = {isa = PBXBuildFile; fileRef = DD61F6FA15938B0A00E0F3B7 /* ofxOscSender.cpp */; };
		DD88F3CA15C1AE39000E20B5 /* IOBluetooth.framework in Frameworks */ = {isa = PBXBuildFile; fileRef = DD88F3C915C1AE39000E20B5 /* IOBluetooth.framework */; };
		DD8A1FFC15AB162C001B28EC /* ioPhidget.cpp in Sources */ = {isa = PBXBuildFile; fileRef = DD8A1FFA15AB162C001B28EC /* ioPhidget.cpp */; };
		DDBB8B6F1596124500EB8F6D /* Phidget21.framework in Frameworks */ = {isa = PBXBuildFile; fileRef = DDBB8B6E1596124500EB8F6D /* Phidget21.framework */; };
		DDF2C4E715C0366900F391A2 /* libwiic.dylib in Frameworks */ = {isa = PBXBuildFile; fileRef = DDF2C4DC15C0366900F391A2 /* libwiic.dylib */; };
		DDF2C4E815C0366900F391A2 /* libwiicpp.dylib in Frameworks */ = {isa = PBXBuildFile; fileRef = DDF2C4E615C0366900F391A2 /* libwiicpp.dylib */; };
		E4328149138ABC9F0047C5CB /* openFrameworksDebug.a in Frameworks */ = {isa = PBXBuildFile; fileRef = E4328148138ABC890047C5CB /* openFrameworksDebug.a */; };
		E45BE97B0E8CC7DD009D7055 /* AGL.framework in Frameworks */ = {isa = PBXBuildFile; fileRef = E45BE9710E8CC7DD009D7055 /* AGL.framework */; };
		E45BE97C0E8CC7DD009D7055 /* ApplicationServices.framework in Frameworks */ = {isa = PBXBuildFile; fileRef = E45BE9720E8CC7DD009D7055 /* ApplicationServices.framework */; };
		E45BE97D0E8CC7DD009D7055 /* AudioToolbox.framework in Frameworks */ = {isa = PBXBuildFile; fileRef = E45BE9730E8CC7DD009D7055 /* AudioToolbox.framework */; };
		E45BE97E0E8CC7DD009D7055 /* Carbon.framework in Frameworks */ = {isa = PBXBuildFile; fileRef = E45BE9740E8CC7DD009D7055 /* Carbon.framework */; };
		E45BE97F0E8CC7DD009D7055 /* CoreAudio.framework in Frameworks */ = {isa = PBXBuildFile; fileRef = E45BE9750E8CC7DD009D7055 /* CoreAudio.framework */; };
		E45BE9800E8CC7DD009D7055 /* CoreFoundation.framework in Frameworks */ = {isa = PBXBuildFile; fileRef = E45BE9760E8CC7DD009D7055 /* CoreFoundation.framework */; };
		E45BE9810E8CC7DD009D7055 /* CoreServices.framework in Frameworks */ = {isa = PBXBuildFile; fileRef = E45BE9770E8CC7DD009D7055 /* CoreServices.framework */; };
		E45BE9830E8CC7DD009D7055 /* OpenGL.framework in Frameworks */ = {isa = PBXBuildFile; fileRef = E45BE9790E8CC7DD009D7055 /* OpenGL.framework */; };
		E45BE9840E8CC7DD009D7055 /* QuickTime.framework in Frameworks */ = {isa = PBXBuildFile; fileRef = E45BE97A0E8CC7DD009D7055 /* QuickTime.framework */; };
		E4B69E200A3A1BDC003C02F2 /* main.cpp in Sources */ = {isa = PBXBuildFile; fileRef = E4B69E1D0A3A1BDC003C02F2 /* main.cpp */; };
		E4B69E210A3A1BDC003C02F2 /* testApp.cpp in Sources */ = {isa = PBXBuildFile; fileRef = E4B69E1E0A3A1BDC003C02F2 /* testApp.cpp */; };
		E4C2424710CC5A17004149E2 /* AppKit.framework in Frameworks */ = {isa = PBXBuildFile; fileRef = E4C2424410CC5A17004149E2 /* AppKit.framework */; };
		E4C2424810CC5A17004149E2 /* Cocoa.framework in Frameworks */ = {isa = PBXBuildFile; fileRef = E4C2424510CC5A17004149E2 /* Cocoa.framework */; };
		E4C2424910CC5A17004149E2 /* IOKit.framework in Frameworks */ = {isa = PBXBuildFile; fileRef = E4C2424610CC5A17004149E2 /* IOKit.framework */; };
		E4EB6799138ADC1D00A09F29 /* GLUT.framework in Frameworks */ = {isa = PBXBuildFile; fileRef = BBAB23BE13894E4700AA2426 /* GLUT.framework */; };
/* End PBXBuildFile section */

/* Begin PBXContainerItemProxy section */
		E4328147138ABC890047C5CB /* PBXContainerItemProxy */ = {
			isa = PBXContainerItemProxy;
			containerPortal = E4328143138ABC890047C5CB /* openFrameworksLib.xcodeproj */;
			proxyType = 2;
			remoteGlobalIDString = E4B27C1510CBEB8E00536013;
			remoteInfo = openFrameworks;
		};
		E4EEB9AB138B136A00A80321 /* PBXContainerItemProxy */ = {
			isa = PBXContainerItemProxy;
			containerPortal = E4328143138ABC890047C5CB /* openFrameworksLib.xcodeproj */;
			proxyType = 1;
			remoteGlobalIDString = E4B27C1410CBEB8E00536013;
			remoteInfo = openFrameworks;
		};
/* End PBXContainerItemProxy section */

/* Begin PBXCopyFilesBuildPhase section */
		E4C2427710CC5ABF004149E2 /* CopyFiles */ = {
			isa = PBXCopyFilesBuildPhase;
			buildActionMask = 2147483647;
			dstPath = "";
			dstSubfolderSpec = 10;
			files = (
				BBAB23CB13894F3D00AA2426 /* GLUT.framework in CopyFiles */,
			);
			runOnlyForDeploymentPostprocessing = 0;
		};
/* End PBXCopyFilesBuildPhase section */

/* Begin PBXFileReference section */
		BBAB23BE13894E4700AA2426 /* GLUT.framework */ = {isa = PBXFileReference; lastKnownFileType = wrapper.framework; name = GLUT.framework; path = ../../../libs/glut/lib/osx/GLUT.framework; sourceTree = "<group>"; };
		DD139E0F15A8B3830013B788 /* ofxUI.h */ = {isa = PBXFileReference; fileEncoding = 4; lastKnownFileType = sourcecode.c.h; path = ofxUI.h; sourceTree = "<group>"; };
		DD139E1015A8B3830013B788 /* ofxUI2DPad.h */ = {isa = PBXFileReference; fileEncoding = 4; lastKnownFileType = sourcecode.c.h; path = ofxUI2DPad.h; sourceTree = "<group>"; };
		DD139E1115A8B3830013B788 /* ofxUIBiLabelSlider.h */ = {isa = PBXFileReference; fileEncoding = 4; lastKnownFileType = sourcecode.c.h; path = ofxUIBiLabelSlider.h; sourceTree = "<group>"; };
		DD139E1215A8B3830013B788 /* ofxUIButton.h */ = {isa = PBXFileReference; fileEncoding = 4; lastKnownFileType = sourcecode.c.h; path = ofxUIButton.h; sourceTree = "<group>"; };
		DD139E1315A8B3830013B788 /* ofxUICanvas.h */ = {isa = PBXFileReference; fileEncoding = 4; lastKnownFileType = sourcecode.c.h; path = ofxUICanvas.h; sourceTree = "<group>"; };
		DD139E1415A8B3830013B788 /* ofxUICircleSlider.h */ = {isa = PBXFileReference; fileEncoding = 4; lastKnownFileType = sourcecode.c.h; path = ofxUICircleSlider.h; sourceTree = "<group>"; };
		DD139E1515A8B3830013B788 /* ofxUICustomImageButton.h */ = {isa = PBXFileReference; fileEncoding = 4; lastKnownFileType = sourcecode.c.h; path = ofxUICustomImageButton.h; sourceTree = "<group>"; };
		DD139E1615A8B3830013B788 /* ofxUIDropDownList.h */ = {isa = PBXFileReference; fileEncoding = 4; lastKnownFileType = sourcecode.c.h; path = ofxUIDropDownList.h; sourceTree = "<group>"; };
		DD139E1715A8B3830013B788 /* ofxUIEventArgs.h */ = {isa = PBXFileReference; fileEncoding = 4; lastKnownFileType = sourcecode.c.h; path = ofxUIEventArgs.h; sourceTree = "<group>"; };
		DD139E1815A8B3830013B788 /* ofxUIFPS.h */ = {isa = PBXFileReference; fileEncoding = 4; lastKnownFileType = sourcecode.c.h; path = ofxUIFPS.h; sourceTree = "<group>"; };
		DD139E1915A8B3830013B788 /* ofxUIFPSSlider.h */ = {isa = PBXFileReference; fileEncoding = 4; lastKnownFileType = sourcecode.c.h; path = ofxUIFPSSlider.h; sourceTree = "<group>"; };
		DD139E1A15A8B3830013B788 /* ofxUIImage.h */ = {isa = PBXFileReference; fileEncoding = 4; lastKnownFileType = sourcecode.c.h; path = ofxUIImage.h; sourceTree = "<group>"; };
		DD139E1B15A8B3830013B788 /* ofxUIImageButton.h */ = {isa = PBXFileReference; fileEncoding = 4; lastKnownFileType = sourcecode.c.h; path = ofxUIImageButton.h; sourceTree = "<group>"; };
		DD139E1C15A8B3830013B788 /* ofxUIImageSampler.h */ = {isa = PBXFileReference; fileEncoding = 4; lastKnownFileType = sourcecode.c.h; path = ofxUIImageSampler.h; sourceTree = "<group>"; };
		DD139E1D15A8B3830013B788 /* ofxUIImageSlider.h */ = {isa = PBXFileReference; fileEncoding = 4; lastKnownFileType = sourcecode.c.h; path = ofxUIImageSlider.h; sourceTree = "<group>"; };
		DD139E1E15A8B3830013B788 /* ofxUIImageToggle.h */ = {isa = PBXFileReference; fileEncoding = 4; lastKnownFileType = sourcecode.c.h; path = ofxUIImageToggle.h; sourceTree = "<group>"; };
		DD139E1F15A8B3830013B788 /* ofxUILabel.h */ = {isa = PBXFileReference; fileEncoding = 4; lastKnownFileType = sourcecode.c.h; path = ofxUILabel.h; sourceTree = "<group>"; };
		DD139E2015A8B3830013B788 /* ofxUILabelButton.h */ = {isa = PBXFileReference; fileEncoding = 4; lastKnownFileType = sourcecode.c.h; path = ofxUILabelButton.h; sourceTree = "<group>"; };
		DD139E2115A8B3830013B788 /* ofxUILabelToggle.h */ = {isa = PBXFileReference; fileEncoding = 4; lastKnownFileType = sourcecode.c.h; path = ofxUILabelToggle.h; sourceTree = "<group>"; };
		DD139E2215A8B3830013B788 /* ofxUIMinimalSlider.h */ = {isa = PBXFileReference; fileEncoding = 4; lastKnownFileType = sourcecode.c.h; path = ofxUIMinimalSlider.h; sourceTree = "<group>"; };
		DD139E2315A8B3830013B788 /* ofxUIMovingGraph.h */ = {isa = PBXFileReference; fileEncoding = 4; lastKnownFileType = sourcecode.c.h; path = ofxUIMovingGraph.h; sourceTree = "<group>"; };
		DD139E2415A8B3830013B788 /* ofxUIMultiImageButton.h */ = {isa = PBXFileReference; fileEncoding = 4; lastKnownFileType = sourcecode.c.h; path = ofxUIMultiImageButton.h; sourceTree = "<group>"; };
		DD139E2515A8B3830013B788 /* ofxUIMultiImageSlider.h */ = {isa = PBXFileReference; fileEncoding = 4; lastKnownFileType = sourcecode.c.h; path = ofxUIMultiImageSlider.h; sourceTree = "<group>"; };
		DD139E2615A8B3830013B788 /* ofxUIMultiImageToggle.h */ = {isa = PBXFileReference; fileEncoding = 4; lastKnownFileType = sourcecode.c.h; path = ofxUIMultiImageToggle.h; sourceTree = "<group>"; };
		DD139E2715A8B3830013B788 /* ofxUINumberDialer.h */ = {isa = PBXFileReference; fileEncoding = 4; lastKnownFileType = sourcecode.c.h; path = ofxUINumberDialer.h; sourceTree = "<group>"; };
		DD139E2815A8B3830013B788 /* ofxUIRadio.h */ = {isa = PBXFileReference; fileEncoding = 4; lastKnownFileType = sourcecode.c.h; path = ofxUIRadio.h; sourceTree = "<group>"; };
		DD139E2915A8B3830013B788 /* ofxUIRangeSlider.h */ = {isa = PBXFileReference; fileEncoding = 4; lastKnownFileType = sourcecode.c.h; path = ofxUIRangeSlider.h; sourceTree = "<group>"; };
		DD139E2A15A8B3830013B788 /* ofxUIRectangle.h */ = {isa = PBXFileReference; fileEncoding = 4; lastKnownFileType = sourcecode.c.h; path = ofxUIRectangle.h; sourceTree = "<group>"; };
		DD139E2B15A8B3830013B788 /* ofxUIRotarySlider.h */ = {isa = PBXFileReference; fileEncoding = 4; lastKnownFileType = sourcecode.c.h; path = ofxUIRotarySlider.h; sourceTree = "<group>"; };
		DD139E2C15A8B3830013B788 /* ofxUIScrollableCanvas.h */ = {isa = PBXFileReference; fileEncoding = 4; lastKnownFileType = sourcecode.c.h; path = ofxUIScrollableCanvas.h; sourceTree = "<group>"; };
		DD139E2D15A8B3830013B788 /* ofxUISlider.h */ = {isa = PBXFileReference; fileEncoding = 4; lastKnownFileType = sourcecode.c.h; path = ofxUISlider.h; sourceTree = "<group>"; };
		DD139E2E15A8B3830013B788 /* ofxUISpacer.h */ = {isa = PBXFileReference; fileEncoding = 4; lastKnownFileType = sourcecode.c.h; path = ofxUISpacer.h; sourceTree = "<group>"; };
		DD139E2F15A8B3830013B788 /* ofxUISpectrum.h */ = {isa = PBXFileReference; fileEncoding = 4; lastKnownFileType = sourcecode.c.h; path = ofxUISpectrum.h; sourceTree = "<group>"; };
		DD139E3015A8B3830013B788 /* ofxUITextInput.h */ = {isa = PBXFileReference; fileEncoding = 4; lastKnownFileType = sourcecode.c.h; path = ofxUITextInput.h; sourceTree = "<group>"; };
		DD139E3115A8B3830013B788 /* ofxUIToggle.h */ = {isa = PBXFileReference; fileEncoding = 4; lastKnownFileType = sourcecode.c.h; path = ofxUIToggle.h; sourceTree = "<group>"; };
		DD139E3215A8B3830013B788 /* ofxUIToggleMatrix.h */ = {isa = PBXFileReference; fileEncoding = 4; lastKnownFileType = sourcecode.c.h; path = ofxUIToggleMatrix.h; sourceTree = "<group>"; };
		DD139E3315A8B3830013B788 /* ofxUIWaveform.h */ = {isa = PBXFileReference; fileEncoding = 4; lastKnownFileType = sourcecode.c.h; path = ofxUIWaveform.h; sourceTree = "<group>"; };
		DD139E3415A8B3830013B788 /* ofxUIWidget.h */ = {isa = PBXFileReference; fileEncoding = 4; lastKnownFileType = sourcecode.c.h; path = ofxUIWidget.h; sourceTree = "<group>"; };
		DD139E3515A8B3830013B788 /* ofxUIWidgetWithLabel.h */ = {isa = PBXFileReference; fileEncoding = 4; lastKnownFileType = sourcecode.c.h; path = ofxUIWidgetWithLabel.h; sourceTree = "<group>"; };
		DD139E3815A8B38D0013B788 /* tinyxml.cpp */ = {isa = PBXFileReference; fileEncoding = 4; lastKnownFileType = sourcecode.cpp.cpp; path = tinyxml.cpp; sourceTree = "<group>"; };
		DD139E3915A8B38D0013B788 /* tinyxml.h */ = {isa = PBXFileReference; fileEncoding = 4; lastKnownFileType = sourcecode.c.h; path = tinyxml.h; sourceTree = "<group>"; };
		DD139E3A15A8B38D0013B788 /* tinyxmlerror.cpp */ = {isa = PBXFileReference; fileEncoding = 4; lastKnownFileType = sourcecode.cpp.cpp; path = tinyxmlerror.cpp; sourceTree = "<group>"; };
		DD139E3B15A8B38D0013B788 /* tinyxmlparser.cpp */ = {isa = PBXFileReference; fileEncoding = 4; lastKnownFileType = sourcecode.cpp.cpp; path = tinyxmlparser.cpp; sourceTree = "<group>"; };
		DD139E3D15A8B38D0013B788 /* ofxXmlSettings.cpp */ = {isa = PBXFileReference; fileEncoding = 4; lastKnownFileType = sourcecode.cpp.cpp; path = ofxXmlSettings.cpp; sourceTree = "<group>"; };
		DD139E3E15A8B38D0013B788 /* ofxXmlSettings.h */ = {isa = PBXFileReference; fileEncoding = 4; lastKnownFileType = sourcecode.c.h; path = ofxXmlSettings.h; sourceTree = "<group>"; };
		DD234AE315C7529B009DF22A /* wiiRemoteInterf.h */ = {isa = PBXFileReference; lastKnownFileType = sourcecode.c.h; name = wiiRemoteInterf.h; path = io/wiiRemoteInterf.h; sourceTree = "<group>"; };
		DD4B547715C540620048D7B0 /* ioThreading.h */ = {isa = PBXFileReference; lastKnownFileType = sourcecode.c.h; name = ioThreading.h; path = io/ioThreading.h; sourceTree = SOURCE_ROOT; };
		DD4B547A15C54EDA0048D7B0 /* ofxThread.h */ = {isa = PBXFileReference; fileEncoding = 4; lastKnownFileType = sourcecode.c.h; path = ofxThread.h; sourceTree = "<group>"; };
		DD5B0DA315C6B55700DA4024 /* Mii.h */ = {isa = PBXFileReference; fileEncoding = 4; lastKnownFileType = sourcecode.c.h; path = Mii.h; sourceTree = "<group>"; };
		DD5B0DA415C6B55700DA4024 /* WiiRemote.h */ = {isa = PBXFileReference; fileEncoding = 4; lastKnownFileType = sourcecode.c.h; path = WiiRemote.h; sourceTree = "<group>"; };
		DD5B0DA515C6B55700DA4024 /* WiiRemote.m */ = {isa = PBXFileReference; fileEncoding = 4; lastKnownFileType = sourcecode.c.objc; path = WiiRemote.m; sourceTree = "<group>"; };
		DD5B0DA615C6B55700DA4024 /* WiiRemoteDiscovery.h */ = {isa = PBXFileReference; fileEncoding = 4; lastKnownFileType = sourcecode.c.h; path = WiiRemoteDiscovery.h; sourceTree = "<group>"; };
		DD5B0DA715C6B55700DA4024 /* WiiRemoteDiscovery.m */ = {isa = PBXFileReference; fileEncoding = 4; lastKnownFileType = sourcecode.c.objc; path = WiiRemoteDiscovery.m; sourceTree = "<group>"; };
		DD5B0DA815C6B55700DA4024 /* WiiRemotePrivate.h */ = {isa = PBXFileReference; fileEncoding = 4; lastKnownFileType = sourcecode.c.h; path = WiiRemotePrivate.h; sourceTree = "<group>"; };
		DD5B0DAC15C70BB500DA4024 /* wiiRemoteObjC.h */ = {isa = PBXFileReference; lastKnownFileType = sourcecode.c.h; name = wiiRemoteObjC.h; path = io/wiiRemoteObjC.h; sourceTree = "<group>"; };
		DD5B0DAD15C73AF700DA4024 /* wiiRemoteObjC.mm */ = {isa = PBXFileReference; fileEncoding = 4; lastKnownFileType = sourcecode.cpp.objcpp; name = wiiRemoteObjC.mm; path = io/wiiRemoteObjC.mm; sourceTree = "<group>"; };
		DD61F6D315938B0A00E0F3B7 /* install.xml */ = {isa = PBXFileReference; fileEncoding = 4; lastKnownFileType = text.xml; path = install.xml; sourceTree = "<group>"; };
		DD61F6D815938B0A00E0F3B7 /* IpEndpointName.cpp */ = {isa = PBXFileReference; fileEncoding = 4; lastKnownFileType = sourcecode.cpp.cpp; path = IpEndpointName.cpp; sourceTree = "<group>"; };
		DD61F6D915938B0A00E0F3B7 /* IpEndpointName.h */ = {isa = PBXFileReference; fileEncoding = 4; lastKnownFileType = sourcecode.c.h; path = IpEndpointName.h; sourceTree = "<group>"; };
		DD61F6DA15938B0A00E0F3B7 /* NetworkingUtils.h */ = {isa = PBXFileReference; fileEncoding = 4; lastKnownFileType = sourcecode.c.h; path = NetworkingUtils.h; sourceTree = "<group>"; };
		DD61F6DB15938B0A00E0F3B7 /* PacketListener.h */ = {isa = PBXFileReference; fileEncoding = 4; lastKnownFileType = sourcecode.c.h; path = PacketListener.h; sourceTree = "<group>"; };
		DD61F6DD15938B0A00E0F3B7 /* NetworkingUtils.cpp */ = {isa = PBXFileReference; fileEncoding = 4; lastKnownFileType = sourcecode.cpp.cpp; path = NetworkingUtils.cpp; sourceTree = "<group>"; };
		DD61F6DE15938B0A00E0F3B7 /* UdpSocket.cpp */ = {isa = PBXFileReference; fileEncoding = 4; lastKnownFileType = sourcecode.cpp.cpp; path = UdpSocket.cpp; sourceTree = "<group>"; };
		DD61F6DF15938B0A00E0F3B7 /* TimerListener.h */ = {isa = PBXFileReference; fileEncoding = 4; lastKnownFileType = sourcecode.c.h; path = TimerListener.h; sourceTree = "<group>"; };
		DD61F6E015938B0A00E0F3B7 /* UdpSocket.h */ = {isa = PBXFileReference; fileEncoding = 4; lastKnownFileType = sourcecode.c.h; path = UdpSocket.h; sourceTree = "<group>"; };
		DD61F6E215938B0A00E0F3B7 /* NetworkingUtilsWin.cpp */ = {isa = PBXFileReference; fileEncoding = 4; lastKnownFileType = sourcecode.cpp.cpp; path = NetworkingUtilsWin.cpp; sourceTree = "<group>"; };
		DD61F6E315938B0A00E0F3B7 /* UdpSocketWin.cpp */ = {isa = PBXFileReference; fileEncoding = 4; lastKnownFileType = sourcecode.cpp.cpp; path = UdpSocketWin.cpp; sourceTree = "<group>"; };
		DD61F6E515938B0A00E0F3B7 /* MessageMappingOscPacketListener.h */ = {isa = PBXFileReference; fileEncoding = 4; lastKnownFileType = sourcecode.c.h; path = MessageMappingOscPacketListener.h; sourceTree = "<group>"; };
		DD61F6E615938B0A00E0F3B7 /* OscException.h */ = {isa = PBXFileReference; fileEncoding = 4; lastKnownFileType = sourcecode.c.h; path = OscException.h; sourceTree = "<group>"; };
		DD61F6E715938B0A00E0F3B7 /* OscHostEndianness.h */ = {isa = PBXFileReference; fileEncoding = 4; lastKnownFileType = sourcecode.c.h; path = OscHostEndianness.h; sourceTree = "<group>"; };
		DD61F6E815938B0A00E0F3B7 /* OscOutboundPacketStream.cpp */ = {isa = PBXFileReference; fileEncoding = 4; lastKnownFileType = sourcecode.cpp.cpp; path = OscOutboundPacketStream.cpp; sourceTree = "<group>"; };
		DD61F6E915938B0A00E0F3B7 /* OscOutboundPacketStream.h */ = {isa = PBXFileReference; fileEncoding = 4; lastKnownFileType = sourcecode.c.h; path = OscOutboundPacketStream.h; sourceTree = "<group>"; };
		DD61F6EA15938B0A00E0F3B7 /* OscPacketListener.h */ = {isa = PBXFileReference; fileEncoding = 4; lastKnownFileType = sourcecode.c.h; path = OscPacketListener.h; sourceTree = "<group>"; };
		DD61F6EB15938B0A00E0F3B7 /* OscPrintReceivedElements.cpp */ = {isa = PBXFileReference; fileEncoding = 4; lastKnownFileType = sourcecode.cpp.cpp; path = OscPrintReceivedElements.cpp; sourceTree = "<group>"; };
		DD61F6EC15938B0A00E0F3B7 /* OscPrintReceivedElements.h */ = {isa = PBXFileReference; fileEncoding = 4; lastKnownFileType = sourcecode.c.h; path = OscPrintReceivedElements.h; sourceTree = "<group>"; };
		DD61F6ED15938B0A00E0F3B7 /* OscReceivedElements.cpp */ = {isa = PBXFileReference; fileEncoding = 4; lastKnownFileType = sourcecode.cpp.cpp; path = OscReceivedElements.cpp; sourceTree = "<group>"; };
		DD61F6EE15938B0A00E0F3B7 /* OscReceivedElements.h */ = {isa = PBXFileReference; fileEncoding = 4; lastKnownFileType = sourcecode.c.h; path = OscReceivedElements.h; sourceTree = "<group>"; };
		DD61F6EF15938B0A00E0F3B7 /* OscTypes.cpp */ = {isa = PBXFileReference; fileEncoding = 4; lastKnownFileType = sourcecode.cpp.cpp; path = OscTypes.cpp; sourceTree = "<group>"; };
		DD61F6F015938B0A00E0F3B7 /* OscTypes.h */ = {isa = PBXFileReference; fileEncoding = 4; lastKnownFileType = sourcecode.c.h; path = OscTypes.h; sourceTree = "<group>"; };
		DD61F6F215938B0A00E0F3B7 /* ofxOsc.h */ = {isa = PBXFileReference; fileEncoding = 4; lastKnownFileType = sourcecode.c.h; path = ofxOsc.h; sourceTree = "<group>"; };
		DD61F6F315938B0A00E0F3B7 /* ofxOscArg.h */ = {isa = PBXFileReference; fileEncoding = 4; lastKnownFileType = sourcecode.c.h; path = ofxOscArg.h; sourceTree = "<group>"; };
		DD61F6F415938B0A00E0F3B7 /* ofxOscBundle.cpp */ = {isa = PBXFileReference; fileEncoding = 4; lastKnownFileType = sourcecode.cpp.cpp; path = ofxOscBundle.cpp; sourceTree = "<group>"; };
		DD61F6F515938B0A00E0F3B7 /* ofxOscBundle.h */ = {isa = PBXFileReference; fileEncoding = 4; lastKnownFileType = sourcecode.c.h; path = ofxOscBundle.h; sourceTree = "<group>"; };
		DD61F6F615938B0A00E0F3B7 /* ofxOscMessage.cpp */ = {isa = PBXFileReference; fileEncoding = 4; lastKnownFileType = sourcecode.cpp.cpp; path = ofxOscMessage.cpp; sourceTree = "<group>"; };
		DD61F6F715938B0A00E0F3B7 /* ofxOscMessage.h */ = {isa = PBXFileReference; fileEncoding = 4; lastKnownFileType = sourcecode.c.h; path = ofxOscMessage.h; sourceTree = "<group>"; };
		DD61F6F815938B0A00E0F3B7 /* ofxOscReceiver.cpp */ = {isa = PBXFileReference; fileEncoding = 4; lastKnownFileType = sourcecode.cpp.cpp; path = ofxOscReceiver.cpp; sourceTree = "<group>"; };
		DD61F6F915938B0A00E0F3B7 /* ofxOscReceiver.h */ = {isa = PBXFileReference; fileEncoding = 4; lastKnownFileType = sourcecode.c.h; path = ofxOscReceiver.h; sourceTree = "<group>"; };
		DD61F6FA15938B0A00E0F3B7 /* ofxOscSender.cpp */ = {isa = PBXFileReference; fileEncoding = 4; lastKnownFileType = sourcecode.cpp.cpp; path = ofxOscSender.cpp; sourceTree = "<group>"; };
		DD61F6FB15938B0A00E0F3B7 /* ofxOscSender.h */ = {isa = PBXFileReference; fileEncoding = 4; lastKnownFileType = sourcecode.c.h; path = ofxOscSender.h; sourceTree = "<group>"; };
		DD88F3C915C1AE39000E20B5 /* IOBluetooth.framework */ = {isa = PBXFileReference; lastKnownFileType = wrapper.framework; name = IOBluetooth.framework; path = /System/Library/Frameworks/IOBluetooth.framework; sourceTree = "<absolute>"; };
		DD8A1FFA15AB162C001B28EC /* ioPhidget.cpp */ = {isa = PBXFileReference; fileEncoding = 4; lastKnownFileType = sourcecode.cpp.cpp; name = ioPhidget.cpp; path = io/ioPhidget.cpp; sourceTree = "<group>"; };
		DD8A1FFB15AB162C001B28EC /* ioPhidget.h */ = {isa = PBXFileReference; fileEncoding = 4; lastKnownFileType = sourcecode.c.h; name = ioPhidget.h; path = io/ioPhidget.h; sourceTree = "<group>"; };
		DDBB8B6E1596124500EB8F6D /* Phidget21.framework */ = {isa = PBXFileReference; lastKnownFileType = wrapper.framework; name = Phidget21.framework; path = /Library/Frameworks/Phidget21.framework; sourceTree = "<absolute>"; };
		DDF2C4C815C0366900F391A2 /* balanceboard.h */ = {isa = PBXFileReference; fileEncoding = 4; lastKnownFileType = sourcecode.c.h; path = balanceboard.h; sourceTree = "<group>"; };
		DDF2C4C915C0366900F391A2 /* classic.h */ = {isa = PBXFileReference; fileEncoding = 4; lastKnownFileType = sourcecode.c.h; path = classic.h; sourceTree = "<group>"; };
		DDF2C4CA15C0366900F391A2 /* definitions.h */ = {isa = PBXFileReference; fileEncoding = 4; lastKnownFileType = sourcecode.c.h; path = definitions.h; sourceTree = "<group>"; };
		DDF2C4CB15C0366900F391A2 /* dynamics.h */ = {isa = PBXFileReference; fileEncoding = 4; lastKnownFileType = sourcecode.c.h; path = dynamics.h; sourceTree = "<group>"; };
		DDF2C4CC15C0366900F391A2 /* events.h */ = {isa = PBXFileReference; fileEncoding = 4; lastKnownFileType = sourcecode.c.h; path = events.h; sourceTree = "<group>"; };
		DDF2C4CD15C0366900F391A2 /* guitar_hero_3.h */ = {isa = PBXFileReference; fileEncoding = 4; lastKnownFileType = sourcecode.c.h; path = guitar_hero_3.h; sourceTree = "<group>"; };
		DDF2C4CE15C0366900F391A2 /* io.h */ = {isa = PBXFileReference; fileEncoding = 4; lastKnownFileType = sourcecode.c.h; path = io.h; sourceTree = "<group>"; };
		DDF2C4CF15C0366900F391A2 /* io_mac.h */ = {isa = PBXFileReference; fileEncoding = 4; lastKnownFileType = sourcecode.c.h; path = io_mac.h; sourceTree = "<group>"; };
		DDF2C4D015C0366900F391A2 /* ir.h */ = {isa = PBXFileReference; fileEncoding = 4; lastKnownFileType = sourcecode.c.h; path = ir.h; sourceTree = "<group>"; };
		DDF2C4D115C0366900F391A2 /* motionplus.h */ = {isa = PBXFileReference; fileEncoding = 4; lastKnownFileType = sourcecode.c.h; path = motionplus.h; sourceTree = "<group>"; };
		DDF2C4D215C0366900F391A2 /* nunchuk.h */ = {isa = PBXFileReference; fileEncoding = 4; lastKnownFileType = sourcecode.c.h; path = nunchuk.h; sourceTree = "<group>"; };
		DDF2C4D315C0366900F391A2 /* speaker.h */ = {isa = PBXFileReference; fileEncoding = 4; lastKnownFileType = sourcecode.c.h; path = speaker.h; sourceTree = "<group>"; };
		DDF2C4D415C0366900F391A2 /* wiic.h */ = {isa = PBXFileReference; fileEncoding = 4; lastKnownFileType = sourcecode.c.h; path = wiic.h; sourceTree = "<group>"; };
		DDF2C4D515C0366900F391A2 /* wiic_doc.h */ = {isa = PBXFileReference; fileEncoding = 4; lastKnownFileType = sourcecode.c.h; path = wiic_doc.h; sourceTree = "<group>"; };
		DDF2C4D615C0366900F391A2 /* wiic_functions.h */ = {isa = PBXFileReference; fileEncoding = 4; lastKnownFileType = sourcecode.c.h; path = wiic_functions.h; sourceTree = "<group>"; };
		DDF2C4D715C0366900F391A2 /* wiic_internal.h */ = {isa = PBXFileReference; fileEncoding = 4; lastKnownFileType = sourcecode.c.h; path = wiic_internal.h; sourceTree = "<group>"; };
		DDF2C4D815C0366900F391A2 /* wiic_macros.h */ = {isa = PBXFileReference; fileEncoding = 4; lastKnownFileType = sourcecode.c.h; path = wiic_macros.h; sourceTree = "<group>"; };
		DDF2C4D915C0366900F391A2 /* wiic_structs.h */ = {isa = PBXFileReference; fileEncoding = 4; lastKnownFileType = sourcecode.c.h; path = wiic_structs.h; sourceTree = "<group>"; };
		DDF2C4DC15C0366900F391A2 /* libwiic.dylib */ = {isa = PBXFileReference; lastKnownFileType = "compiled.mach-o.dylib"; path = libwiic.dylib; sourceTree = "<group>"; };
		DDF2C4DF15C0366900F391A2 /* accsample.h */ = {isa = PBXFileReference; fileEncoding = 4; lastKnownFileType = sourcecode.c.h; path = accsample.h; sourceTree = "<group>"; };
		DDF2C4E015C0366900F391A2 /* dataset.h */ = {isa = PBXFileReference; fileEncoding = 4; lastKnownFileType = sourcecode.c.h; path = dataset.h; sourceTree = "<group>"; };
		DDF2C4E115C0366900F391A2 /* sample.h */ = {isa = PBXFileReference; fileEncoding = 4; lastKnownFileType = sourcecode.c.h; path = sample.h; sourceTree = "<group>"; };
		DDF2C4E215C0366900F391A2 /* training.h */ = {isa = PBXFileReference; fileEncoding = 4; lastKnownFileType = sourcecode.c.h; path = training.h; sourceTree = "<group>"; };
		DDF2C4E315C0366900F391A2 /* wiicpp.h */ = {isa = PBXFileReference; fileEncoding = 4; lastKnownFileType = sourcecode.c.h; path = wiicpp.h; sourceTree = "<group>"; };
		DDF2C4E615C0366900F391A2 /* libwiicpp.dylib */ = {isa = PBXFileReference; lastKnownFileType = "compiled.mach-o.dylib"; path = libwiicpp.dylib; sourceTree = "<group>"; };
		E4328143138ABC890047C5CB /* openFrameworksLib.xcodeproj */ = {isa = PBXFileReference; lastKnownFileType = "wrapper.pb-project"; name = openFrameworksLib.xcodeproj; path = ../../../libs/openFrameworksCompiled/project/osx/openFrameworksLib.xcodeproj; sourceTree = SOURCE_ROOT; };
		E45BE9710E8CC7DD009D7055 /* AGL.framework */ = {isa = PBXFileReference; lastKnownFileType = wrapper.framework; name = AGL.framework; path = /System/Library/Frameworks/AGL.framework; sourceTree = "<absolute>"; };
		E45BE9720E8CC7DD009D7055 /* ApplicationServices.framework */ = {isa = PBXFileReference; lastKnownFileType = wrapper.framework; name = ApplicationServices.framework; path = /System/Library/Frameworks/ApplicationServices.framework; sourceTree = "<absolute>"; };
		E45BE9730E8CC7DD009D7055 /* AudioToolbox.framework */ = {isa = PBXFileReference; lastKnownFileType = wrapper.framework; name = AudioToolbox.framework; path = /System/Library/Frameworks/AudioToolbox.framework; sourceTree = "<absolute>"; };
		E45BE9740E8CC7DD009D7055 /* Carbon.framework */ = {isa = PBXFileReference; lastKnownFileType = wrapper.framework; name = Carbon.framework; path = /System/Library/Frameworks/Carbon.framework; sourceTree = "<absolute>"; };
		E45BE9750E8CC7DD009D7055 /* CoreAudio.framework */ = {isa = PBXFileReference; lastKnownFileType = wrapper.framework; name = CoreAudio.framework; path = /System/Library/Frameworks/CoreAudio.framework; sourceTree = "<absolute>"; };
		E45BE9760E8CC7DD009D7055 /* CoreFoundation.framework */ = {isa = PBXFileReference; lastKnownFileType = wrapper.framework; name = CoreFoundation.framework; path = /System/Library/Frameworks/CoreFoundation.framework; sourceTree = "<absolute>"; };
		E45BE9770E8CC7DD009D7055 /* CoreServices.framework */ = {isa = PBXFileReference; lastKnownFileType = wrapper.framework; name = CoreServices.framework; path = /System/Library/Frameworks/CoreServices.framework; sourceTree = "<absolute>"; };
		E45BE9790E8CC7DD009D7055 /* OpenGL.framework */ = {isa = PBXFileReference; lastKnownFileType = wrapper.framework; name = OpenGL.framework; path = /System/Library/Frameworks/OpenGL.framework; sourceTree = "<absolute>"; };
		E45BE97A0E8CC7DD009D7055 /* QuickTime.framework */ = {isa = PBXFileReference; lastKnownFileType = wrapper.framework; name = QuickTime.framework; path = /System/Library/Frameworks/QuickTime.framework; sourceTree = "<absolute>"; };
		E4B69B5B0A3A1756003C02F2 /* sensePrototypeDebug.app */ = {isa = PBXFileReference; explicitFileType = wrapper.application; includeInIndex = 0; path = sensePrototypeDebug.app; sourceTree = BUILT_PRODUCTS_DIR; };
		E4B69E1D0A3A1BDC003C02F2 /* main.cpp */ = {isa = PBXFileReference; fileEncoding = 30; lastKnownFileType = sourcecode.cpp.cpp; name = main.cpp; path = src/main.cpp; sourceTree = SOURCE_ROOT; };
		E4B69E1E0A3A1BDC003C02F2 /* testApp.cpp */ = {isa = PBXFileReference; explicitFileType = sourcecode.cpp.cpp; fileEncoding = 30; name = testApp.cpp; path = src/testApp.cpp; sourceTree = SOURCE_ROOT; };
		E4B69E1F0A3A1BDC003C02F2 /* testApp.h */ = {isa = PBXFileReference; fileEncoding = 30; lastKnownFileType = sourcecode.c.h; name = testApp.h; path = src/testApp.h; sourceTree = SOURCE_ROOT; };
		E4B6FCAD0C3E899E008CF71C /* openFrameworks-Info.plist */ = {isa = PBXFileReference; fileEncoding = 30; lastKnownFileType = text.plist.xml; path = "openFrameworks-Info.plist"; sourceTree = "<group>"; };
		E4C2424410CC5A17004149E2 /* AppKit.framework */ = {isa = PBXFileReference; lastKnownFileType = wrapper.framework; name = AppKit.framework; path = /System/Library/Frameworks/AppKit.framework; sourceTree = "<absolute>"; };
		E4C2424510CC5A17004149E2 /* Cocoa.framework */ = {isa = PBXFileReference; lastKnownFileType = wrapper.framework; name = Cocoa.framework; path = /System/Library/Frameworks/Cocoa.framework; sourceTree = "<absolute>"; };
		E4C2424610CC5A17004149E2 /* IOKit.framework */ = {isa = PBXFileReference; lastKnownFileType = wrapper.framework; name = IOKit.framework; path = /System/Library/Frameworks/IOKit.framework; sourceTree = "<absolute>"; };
		E4EB691F138AFCF100A09F29 /* CoreOF.xcconfig */ = {isa = PBXFileReference; fileEncoding = 4; lastKnownFileType = text.xcconfig; name = CoreOF.xcconfig; path = ../../../libs/openFrameworksCompiled/project/osx/CoreOF.xcconfig; sourceTree = SOURCE_ROOT; };
		E4EB6923138AFD0F00A09F29 /* Project.xcconfig */ = {isa = PBXFileReference; fileEncoding = 4; lastKnownFileType = text.xcconfig; path = Project.xcconfig; sourceTree = "<group>"; };
/* End PBXFileReference section */

/* Begin PBXFrameworksBuildPhase section */
		E4B69B590A3A1756003C02F2 /* Frameworks */ = {
			isa = PBXFrameworksBuildPhase;
			buildActionMask = 2147483647;
			files = (
				DD88F3CA15C1AE39000E20B5 /* IOBluetooth.framework in Frameworks */,
				DDBB8B6F1596124500EB8F6D /* Phidget21.framework in Frameworks */,
				E4EB6799138ADC1D00A09F29 /* GLUT.framework in Frameworks */,
				E4328149138ABC9F0047C5CB /* openFrameworksDebug.a in Frameworks */,
				E45BE97B0E8CC7DD009D7055 /* AGL.framework in Frameworks */,
				E45BE97C0E8CC7DD009D7055 /* ApplicationServices.framework in Frameworks */,
				E45BE97D0E8CC7DD009D7055 /* AudioToolbox.framework in Frameworks */,
				E45BE97E0E8CC7DD009D7055 /* Carbon.framework in Frameworks */,
				E45BE97F0E8CC7DD009D7055 /* CoreAudio.framework in Frameworks */,
				E45BE9800E8CC7DD009D7055 /* CoreFoundation.framework in Frameworks */,
				E45BE9810E8CC7DD009D7055 /* CoreServices.framework in Frameworks */,
				E45BE9830E8CC7DD009D7055 /* OpenGL.framework in Frameworks */,
				E45BE9840E8CC7DD009D7055 /* QuickTime.framework in Frameworks */,
				E4C2424710CC5A17004149E2 /* AppKit.framework in Frameworks */,
				E4C2424810CC5A17004149E2 /* Cocoa.framework in Frameworks */,
				E4C2424910CC5A17004149E2 /* IOKit.framework in Frameworks */,
				DDF2C4E715C0366900F391A2 /* libwiic.dylib in Frameworks */,
				DDF2C4E815C0366900F391A2 /* libwiicpp.dylib in Frameworks */,
			);
			runOnlyForDeploymentPostprocessing = 0;
		};
/* End PBXFrameworksBuildPhase section */

/* Begin PBXGroup section */
		BB4B014C10F69532006C3DED /* addons */ = {
			isa = PBXGroup;
			children = (
				DD4B547815C54EDA0048D7B0 /* ofxThread */,
				DDF2C4C615C0366900F391A2 /* wiic */,
				DDF2C4DD15C0366900F391A2 /* wiicpp */,
				DD8A1FF915AB1610001B28EC /* ioPhidget */,
				DD139E3615A8B38D0013B788 /* ofxXmlSettings */,
				DD139E0D15A8B3830013B788 /* ofxUI */,
				DD61F6D215938B0A00E0F3B7 /* ofxOsc */,
			);
			name = addons;
			sourceTree = "<group>";
		};
		BBAB23C913894ECA00AA2426 /* system frameworks */ = {
			isa = PBXGroup;
			children = (
				E4C2424410CC5A17004149E2 /* AppKit.framework */,
				E4C2424510CC5A17004149E2 /* Cocoa.framework */,
				E4C2424610CC5A17004149E2 /* IOKit.framework */,
				E45BE9710E8CC7DD009D7055 /* AGL.framework */,
				E45BE9720E8CC7DD009D7055 /* ApplicationServices.framework */,
				E45BE9730E8CC7DD009D7055 /* AudioToolbox.framework */,
				E45BE9740E8CC7DD009D7055 /* Carbon.framework */,
				E45BE9750E8CC7DD009D7055 /* CoreAudio.framework */,
				E45BE9760E8CC7DD009D7055 /* CoreFoundation.framework */,
				E45BE9770E8CC7DD009D7055 /* CoreServices.framework */,
				E45BE9790E8CC7DD009D7055 /* OpenGL.framework */,
				E45BE97A0E8CC7DD009D7055 /* QuickTime.framework */,
			);
			name = "system frameworks";
			sourceTree = "<group>";
		};
		BBAB23CA13894EDB00AA2426 /* 3rd party frameworks */ = {
			isa = PBXGroup;
			children = (
				DDBB8B6E1596124500EB8F6D /* Phidget21.framework */,
				BBAB23BE13894E4700AA2426 /* GLUT.framework */,
			);
			name = "3rd party frameworks";
			sourceTree = "<group>";
		};
		DD139E0D15A8B3830013B788 /* ofxUI */ = {
			isa = PBXGroup;
			children = (
				DD139E0E15A8B3830013B788 /* src */,
			);
			name = ofxUI;
			path = ../../../addons/ofxUI;
			sourceTree = "<group>";
		};
		DD139E0E15A8B3830013B788 /* src */ = {
			isa = PBXGroup;
			children = (
				DD139E0F15A8B3830013B788 /* ofxUI.h */,
				DD139E1015A8B3830013B788 /* ofxUI2DPad.h */,
				DD139E1115A8B3830013B788 /* ofxUIBiLabelSlider.h */,
				DD139E1215A8B3830013B788 /* ofxUIButton.h */,
				DD139E1315A8B3830013B788 /* ofxUICanvas.h */,
				DD139E1415A8B3830013B788 /* ofxUICircleSlider.h */,
				DD139E1515A8B3830013B788 /* ofxUICustomImageButton.h */,
				DD139E1615A8B3830013B788 /* ofxUIDropDownList.h */,
				DD139E1715A8B3830013B788 /* ofxUIEventArgs.h */,
				DD139E1815A8B3830013B788 /* ofxUIFPS.h */,
				DD139E1915A8B3830013B788 /* ofxUIFPSSlider.h */,
				DD139E1A15A8B3830013B788 /* ofxUIImage.h */,
				DD139E1B15A8B3830013B788 /* ofxUIImageButton.h */,
				DD139E1C15A8B3830013B788 /* ofxUIImageSampler.h */,
				DD139E1D15A8B3830013B788 /* ofxUIImageSlider.h */,
				DD139E1E15A8B3830013B788 /* ofxUIImageToggle.h */,
				DD139E1F15A8B3830013B788 /* ofxUILabel.h */,
				DD139E2015A8B3830013B788 /* ofxUILabelButton.h */,
				DD139E2115A8B3830013B788 /* ofxUILabelToggle.h */,
				DD139E2215A8B3830013B788 /* ofxUIMinimalSlider.h */,
				DD139E2315A8B3830013B788 /* ofxUIMovingGraph.h */,
				DD139E2415A8B3830013B788 /* ofxUIMultiImageButton.h */,
				DD139E2515A8B3830013B788 /* ofxUIMultiImageSlider.h */,
				DD139E2615A8B3830013B788 /* ofxUIMultiImageToggle.h */,
				DD139E2715A8B3830013B788 /* ofxUINumberDialer.h */,
				DD139E2815A8B3830013B788 /* ofxUIRadio.h */,
				DD139E2915A8B3830013B788 /* ofxUIRangeSlider.h */,
				DD139E2A15A8B3830013B788 /* ofxUIRectangle.h */,
				DD139E2B15A8B3830013B788 /* ofxUIRotarySlider.h */,
				DD139E2C15A8B3830013B788 /* ofxUIScrollableCanvas.h */,
				DD139E2D15A8B3830013B788 /* ofxUISlider.h */,
				DD139E2E15A8B3830013B788 /* ofxUISpacer.h */,
				DD139E2F15A8B3830013B788 /* ofxUISpectrum.h */,
				DD139E3015A8B3830013B788 /* ofxUITextInput.h */,
				DD139E3115A8B3830013B788 /* ofxUIToggle.h */,
				DD139E3215A8B3830013B788 /* ofxUIToggleMatrix.h */,
				DD139E3315A8B3830013B788 /* ofxUIWaveform.h */,
				DD139E3415A8B3830013B788 /* ofxUIWidget.h */,
				DD139E3515A8B3830013B788 /* ofxUIWidgetWithLabel.h */,
			);
			path = src;
			sourceTree = "<group>";
		};
		DD139E3615A8B38D0013B788 /* ofxXmlSettings */ = {
			isa = PBXGroup;
			children = (
				DD139E3715A8B38D0013B788 /* libs */,
				DD139E3C15A8B38D0013B788 /* src */,
			);
			name = ofxXmlSettings;
			path = ../../../addons/ofxXmlSettings;
			sourceTree = "<group>";
		};
		DD139E3715A8B38D0013B788 /* libs */ = {
			isa = PBXGroup;
			children = (
				DD139E3815A8B38D0013B788 /* tinyxml.cpp */,
				DD139E3915A8B38D0013B788 /* tinyxml.h */,
				DD139E3A15A8B38D0013B788 /* tinyxmlerror.cpp */,
				DD139E3B15A8B38D0013B788 /* tinyxmlparser.cpp */,
			);
			path = libs;
			sourceTree = "<group>";
		};
		DD139E3C15A8B38D0013B788 /* src */ = {
			isa = PBXGroup;
			children = (
				DD139E3D15A8B38D0013B788 /* ofxXmlSettings.cpp */,
				DD139E3E15A8B38D0013B788 /* ofxXmlSettings.h */,
			);
			path = src;
			sourceTree = "<group>";
		};
		DD4B547815C54EDA0048D7B0 /* ofxThread */ = {
			isa = PBXGroup;
			children = (
				DD4B547915C54EDA0048D7B0 /* src */,
			);
			name = ofxThread;
			path = ../../../addons/ofxThread;
			sourceTree = "<group>";
		};
		DD4B547915C54EDA0048D7B0 /* src */ = {
			isa = PBXGroup;
			children = (
				DD4B547A15C54EDA0048D7B0 /* ofxThread.h */,
			);
			path = src;
			sourceTree = "<group>";
		};
		DD5B0DA215C6B55700DA4024 /* wiiRemoteFramework */ = {
			isa = PBXGroup;
			children = (
				DD5B0DA315C6B55700DA4024 /* Mii.h */,
				DD5B0DA415C6B55700DA4024 /* WiiRemote.h */,
				DD5B0DA515C6B55700DA4024 /* WiiRemote.m */,
				DD5B0DA615C6B55700DA4024 /* WiiRemoteDiscovery.h */,
				DD5B0DA715C6B55700DA4024 /* WiiRemoteDiscovery.m */,
				DD5B0DA815C6B55700DA4024 /* WiiRemotePrivate.h */,
			);
			name = wiiRemoteFramework;
			path = ../../../../../../Desktop/oF_0071_osx/apps/myApps/sensePrototype/wiiRemoteFramework;
			sourceTree = "<group>";
		};
		DD5B0DAB15C70B4F00DA4024 /* wiiRemoteInterface */ = {
			isa = PBXGroup;
			children = (
				DD234AE315C7529B009DF22A /* wiiRemoteInterf.h */,
				DD5B0DAC15C70BB500DA4024 /* wiiRemoteObjC.h */,
				DD5B0DAD15C73AF700DA4024 /* wiiRemoteObjC.mm */,
			);
			name = wiiRemoteInterface;
			sourceTree = "<group>";
		};
		DD61F6D215938B0A00E0F3B7 /* ofxOsc */ = {
			isa = PBXGroup;
			children = (
				DD61F6D315938B0A00E0F3B7 /* install.xml */,
				DD61F6D415938B0A00E0F3B7 /* libs */,
				DD61F6F115938B0A00E0F3B7 /* src */,
			);
			name = ofxOsc;
			path = ../../../addons/ofxOsc;
			sourceTree = "<group>";
		};
		DD61F6D415938B0A00E0F3B7 /* libs */ = {
			isa = PBXGroup;
			children = (
				DD61F6D515938B0A00E0F3B7 /* oscpack */,
			);
			path = libs;
			sourceTree = "<group>";
		};
		DD61F6D515938B0A00E0F3B7 /* oscpack */ = {
			isa = PBXGroup;
			children = (
				DD61F6D615938B0A00E0F3B7 /* src */,
			);
			path = oscpack;
			sourceTree = "<group>";
		};
		DD61F6D615938B0A00E0F3B7 /* src */ = {
			isa = PBXGroup;
			children = (
				DD61F6D715938B0A00E0F3B7 /* ip */,
				DD61F6E415938B0A00E0F3B7 /* osc */,
			);
			path = src;
			sourceTree = "<group>";
		};
		DD61F6D715938B0A00E0F3B7 /* ip */ = {
			isa = PBXGroup;
			children = (
				DD61F6D815938B0A00E0F3B7 /* IpEndpointName.cpp */,
				DD61F6D915938B0A00E0F3B7 /* IpEndpointName.h */,
				DD61F6DA15938B0A00E0F3B7 /* NetworkingUtils.h */,
				DD61F6DB15938B0A00E0F3B7 /* PacketListener.h */,
				DD61F6DC15938B0A00E0F3B7 /* posix */,
				DD61F6DF15938B0A00E0F3B7 /* TimerListener.h */,
				DD61F6E015938B0A00E0F3B7 /* UdpSocket.h */,
				DD61F6E115938B0A00E0F3B7 /* win32 */,
			);
			path = ip;
			sourceTree = "<group>";
		};
		DD61F6DC15938B0A00E0F3B7 /* posix */ = {
			isa = PBXGroup;
			children = (
				DD61F6DD15938B0A00E0F3B7 /* NetworkingUtils.cpp */,
				DD61F6DE15938B0A00E0F3B7 /* UdpSocket.cpp */,
			);
			path = posix;
			sourceTree = "<group>";
		};
		DD61F6E115938B0A00E0F3B7 /* win32 */ = {
			isa = PBXGroup;
			children = (
				DD61F6E215938B0A00E0F3B7 /* NetworkingUtilsWin.cpp */,
				DD61F6E315938B0A00E0F3B7 /* UdpSocketWin.cpp */,
			);
			path = win32;
			sourceTree = "<group>";
		};
		DD61F6E415938B0A00E0F3B7 /* osc */ = {
			isa = PBXGroup;
			children = (
				DD61F6E515938B0A00E0F3B7 /* MessageMappingOscPacketListener.h */,
				DD61F6E615938B0A00E0F3B7 /* OscException.h */,
				DD61F6E715938B0A00E0F3B7 /* OscHostEndianness.h */,
				DD61F6E815938B0A00E0F3B7 /* OscOutboundPacketStream.cpp */,
				DD61F6E915938B0A00E0F3B7 /* OscOutboundPacketStream.h */,
				DD61F6EA15938B0A00E0F3B7 /* OscPacketListener.h */,
				DD61F6EB15938B0A00E0F3B7 /* OscPrintReceivedElements.cpp */,
				DD61F6EC15938B0A00E0F3B7 /* OscPrintReceivedElements.h */,
				DD61F6ED15938B0A00E0F3B7 /* OscReceivedElements.cpp */,
				DD61F6EE15938B0A00E0F3B7 /* OscReceivedElements.h */,
				DD61F6EF15938B0A00E0F3B7 /* OscTypes.cpp */,
				DD61F6F015938B0A00E0F3B7 /* OscTypes.h */,
			);
			path = osc;
			sourceTree = "<group>";
		};
		DD61F6F115938B0A00E0F3B7 /* src */ = {
			isa = PBXGroup;
			children = (
				DD61F6F215938B0A00E0F3B7 /* ofxOsc.h */,
				DD61F6F315938B0A00E0F3B7 /* ofxOscArg.h */,
				DD61F6F415938B0A00E0F3B7 /* ofxOscBundle.cpp */,
				DD61F6F515938B0A00E0F3B7 /* ofxOscBundle.h */,
				DD61F6F615938B0A00E0F3B7 /* ofxOscMessage.cpp */,
				DD61F6F715938B0A00E0F3B7 /* ofxOscMessage.h */,
				DD61F6F815938B0A00E0F3B7 /* ofxOscReceiver.cpp */,
				DD61F6F915938B0A00E0F3B7 /* ofxOscReceiver.h */,
				DD61F6FA15938B0A00E0F3B7 /* ofxOscSender.cpp */,
				DD61F6FB15938B0A00E0F3B7 /* ofxOscSender.h */,
			);
			path = src;
			sourceTree = "<group>";
		};
		DD8A1FF915AB1610001B28EC /* ioPhidget */ = {
			isa = PBXGroup;
			children = (
				DD8A1FFA15AB162C001B28EC /* ioPhidget.cpp */,
				DD8A1FFB15AB162C001B28EC /* ioPhidget.h */,
			);
			name = ioPhidget;
			sourceTree = "<group>";
		};
		DDF2C4C615C0366900F391A2 /* wiic */ = {
			isa = PBXGroup;
			children = (
				DDF2C4C715C0366900F391A2 /* include */,
				DDF2C4DA15C0366900F391A2 /* lib */,
			);
			name = wiic;
			path = ../../../addons/wiic;
			sourceTree = "<group>";
		};
		DDF2C4C715C0366900F391A2 /* include */ = {
			isa = PBXGroup;
			children = (
				DDF2C4C815C0366900F391A2 /* balanceboard.h */,
				DDF2C4C915C0366900F391A2 /* classic.h */,
				DDF2C4CA15C0366900F391A2 /* definitions.h */,
				DDF2C4CB15C0366900F391A2 /* dynamics.h */,
				DDF2C4CC15C0366900F391A2 /* events.h */,
				DDF2C4CD15C0366900F391A2 /* guitar_hero_3.h */,
				DDF2C4CE15C0366900F391A2 /* io.h */,
				DDF2C4CF15C0366900F391A2 /* io_mac.h */,
				DDF2C4D015C0366900F391A2 /* ir.h */,
				DDF2C4D115C0366900F391A2 /* motionplus.h */,
				DDF2C4D215C0366900F391A2 /* nunchuk.h */,
				DDF2C4D315C0366900F391A2 /* speaker.h */,
				DDF2C4D415C0366900F391A2 /* wiic.h */,
				DDF2C4D515C0366900F391A2 /* wiic_doc.h */,
				DDF2C4D615C0366900F391A2 /* wiic_functions.h */,
				DDF2C4D715C0366900F391A2 /* wiic_internal.h */,
				DDF2C4D815C0366900F391A2 /* wiic_macros.h */,
				DDF2C4D915C0366900F391A2 /* wiic_structs.h */,
			);
			path = include;
			sourceTree = "<group>";
		};
		DDF2C4DA15C0366900F391A2 /* lib */ = {
			isa = PBXGroup;
			children = (
				DDF2C4DB15C0366900F391A2 /* osx */,
			);
			path = lib;
			sourceTree = "<group>";
		};
		DDF2C4DB15C0366900F391A2 /* osx */ = {
			isa = PBXGroup;
			children = (
				DDF2C4DC15C0366900F391A2 /* libwiic.dylib */,
			);
			path = osx;
			sourceTree = "<group>";
		};
		DDF2C4DD15C0366900F391A2 /* wiicpp */ = {
			isa = PBXGroup;
			children = (
				DDF2C4DE15C0366900F391A2 /* include */,
				DDF2C4E415C0366900F391A2 /* lib */,
			);
			name = wiicpp;
			path = ../../../addons/wiicpp;
			sourceTree = "<group>";
		};
		DDF2C4DE15C0366900F391A2 /* include */ = {
			isa = PBXGroup;
			children = (
				DDF2C4DF15C0366900F391A2 /* accsample.h */,
				DDF2C4E015C0366900F391A2 /* dataset.h */,
				DDF2C4E115C0366900F391A2 /* sample.h */,
				DDF2C4E215C0366900F391A2 /* training.h */,
				DDF2C4E315C0366900F391A2 /* wiicpp.h */,
			);
			path = include;
			sourceTree = "<group>";
		};
		DDF2C4E415C0366900F391A2 /* lib */ = {
			isa = PBXGroup;
			children = (
				DDF2C4E515C0366900F391A2 /* osx */,
			);
			path = lib;
			sourceTree = "<group>";
		};
		DDF2C4E515C0366900F391A2 /* osx */ = {
			isa = PBXGroup;
			children = (
				DDF2C4E615C0366900F391A2 /* libwiicpp.dylib */,
			);
			path = osx;
			sourceTree = "<group>";
		};
		E4328144138ABC890047C5CB /* Products */ = {
			isa = PBXGroup;
			children = (
				E4328148138ABC890047C5CB /* openFrameworksDebug.a */,
			);
			name = Products;
			sourceTree = "<group>";
		};
		E45BE5980E8CC70C009D7055 /* frameworks */ = {
			isa = PBXGroup;
			children = (
				BBAB23CA13894EDB00AA2426 /* 3rd party frameworks */,
				BBAB23C913894ECA00AA2426 /* system frameworks */,
			);
			name = frameworks;
			sourceTree = "<group>";
		};
		E4B69B4A0A3A1720003C02F2 = {
			isa = PBXGroup;
			children = (
				DD5B0DAB15C70B4F00DA4024 /* wiiRemoteInterface */,
				DD5B0DA215C6B55700DA4024 /* wiiRemoteFramework */,
				DD88F3C915C1AE39000E20B5 /* IOBluetooth.framework */,
				E4B6FCAD0C3E899E008CF71C /* openFrameworks-Info.plist */,
				E4EB6923138AFD0F00A09F29 /* Project.xcconfig */,
				E4B69E1C0A3A1BDC003C02F2 /* src */,
				E4EEC9E9138DF44700A80321 /* openFrameworks */,
				BB4B014C10F69532006C3DED /* addons */,
				E45BE5980E8CC70C009D7055 /* frameworks */,
				E4B69B5B0A3A1756003C02F2 /* sensePrototypeDebug.app */,
			);
			sourceTree = "<group>";
		};
		E4B69E1C0A3A1BDC003C02F2 /* src */ = {
			isa = PBXGroup;
			children = (
				E4B69E1D0A3A1BDC003C02F2 /* main.cpp */,
				E4B69E1E0A3A1BDC003C02F2 /* testApp.cpp */,
				E4B69E1F0A3A1BDC003C02F2 /* testApp.h */,
				DD4B547715C540620048D7B0 /* ioThreading.h */,
			);
			path = src;
			sourceTree = SOURCE_ROOT;
		};
		E4EEC9E9138DF44700A80321 /* openFrameworks */ = {
			isa = PBXGroup;
			children = (
				E4EB691F138AFCF100A09F29 /* CoreOF.xcconfig */,
				E4328143138ABC890047C5CB /* openFrameworksLib.xcodeproj */,
			);
			name = openFrameworks;
			sourceTree = "<group>";
		};
/* End PBXGroup section */

/* Begin PBXNativeTarget section */
		E4B69B5A0A3A1756003C02F2 /* sensePrototype */ = {
			isa = PBXNativeTarget;
			buildConfigurationList = E4B69B5F0A3A1757003C02F2 /* Build configuration list for PBXNativeTarget "sensePrototype" */;
			buildPhases = (
				E4B69B580A3A1756003C02F2 /* Sources */,
				E4B69B590A3A1756003C02F2 /* Frameworks */,
				E4B6FFFD0C3F9AB9008CF71C /* ShellScript */,
				E4C2427710CC5ABF004149E2 /* CopyFiles */,
			);
			buildRules = (
			);
			dependencies = (
				E4EEB9AC138B136A00A80321 /* PBXTargetDependency */,
			);
			name = sensePrototype;
			productName = myOFApp;
			productReference = E4B69B5B0A3A1756003C02F2 /* sensePrototypeDebug.app */;
			productType = "com.apple.product-type.application";
		};
/* End PBXNativeTarget section */

/* Begin PBXProject section */
		E4B69B4C0A3A1720003C02F2 /* Project object */ = {
			isa = PBXProject;
			attributes = {
				LastUpgradeCheck = 0430;
			};
			buildConfigurationList = E4B69B4D0A3A1720003C02F2 /* Build configuration list for PBXProject "sensePrototype" */;
			compatibilityVersion = "Xcode 3.2";
			developmentRegion = English;
			hasScannedForEncodings = 0;
			knownRegions = (
				English,
				Japanese,
				French,
				German,
			);
			mainGroup = E4B69B4A0A3A1720003C02F2;
			productRefGroup = E4B69B4A0A3A1720003C02F2;
			projectDirPath = "";
			projectReferences = (
				{
					ProductGroup = E4328144138ABC890047C5CB /* Products */;
					ProjectRef = E4328143138ABC890047C5CB /* openFrameworksLib.xcodeproj */;
				},
			);
			projectRoot = "";
			targets = (
				E4B69B5A0A3A1756003C02F2 /* sensePrototype */,
			);
		};
/* End PBXProject section */

/* Begin PBXReferenceProxy section */
		E4328148138ABC890047C5CB /* openFrameworksDebug.a */ = {
			isa = PBXReferenceProxy;
			fileType = archive.ar;
			path = openFrameworksDebug.a;
			remoteRef = E4328147138ABC890047C5CB /* PBXContainerItemProxy */;
			sourceTree = BUILT_PRODUCTS_DIR;
		};
/* End PBXReferenceProxy section */

/* Begin PBXShellScriptBuildPhase section */
		E4B6FFFD0C3F9AB9008CF71C /* ShellScript */ = {
			isa = PBXShellScriptBuildPhase;
			buildActionMask = 2147483647;
			files = (
			);
			inputPaths = (
			);
			outputPaths = (
			);
			runOnlyForDeploymentPostprocessing = 0;
			shellPath = /bin/sh;
			shellScript = "cp -f ../../../libs/fmodex/lib/osx/libfmodex.dylib \"$TARGET_BUILD_DIR/$PRODUCT_NAME.app/Contents/MacOS/libfmodex.dylib\"; install_name_tool -change ./libfmodex.dylib @executable_path/libfmodex.dylib \"$TARGET_BUILD_DIR/$PRODUCT_NAME.app/Contents/MacOS/$PRODUCT_NAME\";";
		};
/* End PBXShellScriptBuildPhase section */

/* Begin PBXSourcesBuildPhase section */
		E4B69B580A3A1756003C02F2 /* Sources */ = {
			isa = PBXSourcesBuildPhase;
			buildActionMask = 2147483647;
			files = (
				E4B69E200A3A1BDC003C02F2 /* main.cpp in Sources */,
				E4B69E210A3A1BDC003C02F2 /* testApp.cpp in Sources */,
				DD61F6FC15938B0A00E0F3B7 /* IpEndpointName.cpp in Sources */,
				DD61F6FD15938B0A00E0F3B7 /* NetworkingUtils.cpp in Sources */,
				DD61F6FE15938B0A00E0F3B7 /* UdpSocket.cpp in Sources */,
				DD61F6FF15938B0A00E0F3B7 /* NetworkingUtilsWin.cpp in Sources */,
				DD61F70015938B0A00E0F3B7 /* UdpSocketWin.cpp in Sources */,
				DD61F70115938B0A00E0F3B7 /* OscOutboundPacketStream.cpp in Sources */,
				DD61F70215938B0A00E0F3B7 /* OscPrintReceivedElements.cpp in Sources */,
				DD61F70315938B0A00E0F3B7 /* OscReceivedElements.cpp in Sources */,
				DD61F70415938B0A00E0F3B7 /* OscTypes.cpp in Sources */,
				DD61F70515938B0A00E0F3B7 /* ofxOscBundle.cpp in Sources */,
				DD61F70615938B0A00E0F3B7 /* ofxOscMessage.cpp in Sources */,
				DD61F70715938B0A00E0F3B7 /* ofxOscReceiver.cpp in Sources */,
				DD61F70815938B0A00E0F3B7 /* ofxOscSender.cpp in Sources */,
				DD139E3F15A8B38D0013B788 /* tinyxml.cpp in Sources */,
				DD139E4015A8B38D0013B788 /* tinyxmlerror.cpp in Sources */,
				DD139E4115A8B38D0013B788 /* tinyxmlparser.cpp in Sources */,
				DD139E4215A8B38D0013B788 /* ofxXmlSettings.cpp in Sources */,
				DD8A1FFC15AB162C001B28EC /* ioPhidget.cpp in Sources */,
				DD5B0DA915C6B55700DA4024 /* WiiRemote.m in Sources */,
				DD5B0DAA15C6B55700DA4024 /* WiiRemoteDiscovery.m in Sources */,
				DD5B0DAE15C73AF700DA4024 /* wiiRemoteObjC.mm in Sources */,
			);
			runOnlyForDeploymentPostprocessing = 0;
		};
/* End PBXSourcesBuildPhase section */

/* Begin PBXTargetDependency section */
		E4EEB9AC138B136A00A80321 /* PBXTargetDependency */ = {
			isa = PBXTargetDependency;
			name = openFrameworks;
			targetProxy = E4EEB9AB138B136A00A80321 /* PBXContainerItemProxy */;
		};
/* End PBXTargetDependency section */

/* Begin XCBuildConfiguration section */
		E4B69B4E0A3A1720003C02F2 /* Debug */ = {
			isa = XCBuildConfiguration;
			baseConfigurationReference = E4EB6923138AFD0F00A09F29 /* Project.xcconfig */;
			buildSettings = {
				ARCHS = "$(NATIVE_ARCH)";
				CLANG_CXX_LANGUAGE_STANDARD = "compiler-default";
				CLANG_CXX_LIBRARY = "compiler-default";
				CONFIGURATION_BUILD_DIR = "$(SRCROOT)/bin/";
				COPY_PHASE_STRIP = NO;
				DEAD_CODE_STRIPPING = YES;
				GCC_AUTO_VECTORIZATION = YES;
				GCC_ENABLE_SSE3_EXTENSIONS = YES;
				GCC_ENABLE_SUPPLEMENTAL_SSE3_INSTRUCTIONS = YES;
				GCC_INLINES_ARE_PRIVATE_EXTERN = NO;
				GCC_OPTIMIZATION_LEVEL = 0;
				GCC_SYMBOLS_PRIVATE_EXTERN = NO;
				GCC_VERSION = com.apple.compilers.llvmgcc42;
				GCC_WARN_ABOUT_DEPRECATED_FUNCTIONS = NO;
				GCC_WARN_ABOUT_INVALID_OFFSETOF_MACRO = NO;
				GCC_WARN_ALLOW_INCOMPLETE_PROTOCOL = NO;
				GCC_WARN_UNINITIALIZED_AUTOS = NO;
				GCC_WARN_UNUSED_VALUE = NO;
				GCC_WARN_UNUSED_VARIABLE = NO;
				HEADER_SEARCH_PATHS = (
					"$(OF_CORE_HEADERS)",
					src,
					"../../../addons/ofxOsc/**",
				);
				OTHER_CPLUSPLUSFLAGS = (
					"-D__MACOSX_CORE__",
					"-lpthread",
					"-mtune=native",
				);
			};
			name = Debug;
		};
		E4B69B4F0A3A1720003C02F2 /* Release */ = {
			isa = XCBuildConfiguration;
			baseConfigurationReference = E4EB6923138AFD0F00A09F29 /* Project.xcconfig */;
			buildSettings = {
				ARCHS = "$(NATIVE_ARCH)";
				CLANG_CXX_LANGUAGE_STANDARD = "compiler-default";
				CLANG_CXX_LIBRARY = "compiler-default";
				CONFIGURATION_BUILD_DIR = "$(SRCROOT)/bin/";
				COPY_PHASE_STRIP = YES;
				DEAD_CODE_STRIPPING = YES;
				GCC_AUTO_VECTORIZATION = YES;
				GCC_ENABLE_SSE3_EXTENSIONS = YES;
				GCC_ENABLE_SUPPLEMENTAL_SSE3_INSTRUCTIONS = YES;
				GCC_INLINES_ARE_PRIVATE_EXTERN = NO;
				GCC_OPTIMIZATION_LEVEL = 3;
				GCC_SYMBOLS_PRIVATE_EXTERN = NO;
				GCC_UNROLL_LOOPS = YES;
				GCC_VERSION = com.apple.compilers.llvmgcc42;
				GCC_WARN_ABOUT_DEPRECATED_FUNCTIONS = NO;
				GCC_WARN_ABOUT_INVALID_OFFSETOF_MACRO = NO;
				GCC_WARN_ALLOW_INCOMPLETE_PROTOCOL = NO;
				GCC_WARN_UNINITIALIZED_AUTOS = NO;
				GCC_WARN_UNUSED_VALUE = NO;
				GCC_WARN_UNUSED_VARIABLE = NO;
				HEADER_SEARCH_PATHS = (
					"$(OF_CORE_HEADERS)",
					src,
					"../../../addons/ofxOsc/**",
				);
				OTHER_CPLUSPLUSFLAGS = (
					"-D__MACOSX_CORE__",
					"-lpthread",
					"-mtune=native",
				);
			};
			name = Release;
		};
		E4B69B600A3A1757003C02F2 /* Debug */ = {
			isa = XCBuildConfiguration;
			buildSettings = {
				COPY_PHASE_STRIP = NO;
				FRAMEWORK_SEARCH_PATHS = (
					"$(inherited)",
					"$(FRAMEWORK_SEARCH_PATHS_QUOTED_FOR_TARGET_1)",
				);
				FRAMEWORK_SEARCH_PATHS_QUOTED_FOR_TARGET_1 = "\"$(SRCROOT)/../../../libs/glut/lib/osx\"";
				GCC_DYNAMIC_NO_PIC = NO;
				GCC_GENERATE_DEBUGGING_SYMBOLS = YES;
				GCC_INPUT_FILETYPE = automatic;
				GCC_MODEL_TUNING = NONE;
				GCC_PRECOMPILE_PREFIX_HEADER = YES;
				GCC_PREFIX_HEADER = "$(SYSTEM_LIBRARY_DIR)/Frameworks/Carbon.framework/Headers/Carbon.h";
				GCC_VERSION = com.apple.compilers.llvmgcc42;
				HEADER_SEARCH_PATHS = (
					"$(OF_CORE_HEADERS)",
					src,
					"../../../addons/ofxOsc/**",
					/usr/local/include,
					../../../addons/wiic/include,
					../../../addons/wiicpp/include,
				);
				INFOPLIST_FILE = "openFrameworks-Info.plist";
				INSTALL_PATH = "$(HOME)/Applications";
				LIBRARY_SEARCH_PATHS = (
					"$(inherited)",
					"$(LIBRARY_SEARCH_PATHS_QUOTED_FOR_TARGET_1)",
					"$(LIBRARY_SEARCH_PATHS_QUOTED_FOR_TARGET_2)",
					"$(LIBRARY_SEARCH_PATHS_QUOTED_FOR_TARGET_3)",
					"$(LIBRARY_SEARCH_PATHS_QUOTED_FOR_TARGET_4)",
					"$(LIBRARY_SEARCH_PATHS_QUOTED_FOR_TARGET_5)",
					"$(LIBRARY_SEARCH_PATHS_QUOTED_FOR_TARGET_6)",
					"$(LIBRARY_SEARCH_PATHS_QUOTED_FOR_TARGET_7)",
					"$(LIBRARY_SEARCH_PATHS_QUOTED_FOR_TARGET_8)",
					"$(LIBRARY_SEARCH_PATHS_QUOTED_FOR_TARGET_9)",
					"$(LIBRARY_SEARCH_PATHS_QUOTED_FOR_TARGET_10)",
					"$(LIBRARY_SEARCH_PATHS_QUOTED_FOR_TARGET_11)",
					"$(LIBRARY_SEARCH_PATHS_QUOTED_FOR_TARGET_12)",
					"$(LIBRARY_SEARCH_PATHS_QUOTED_FOR_TARGET_13)",
					"$(LIBRARY_SEARCH_PATHS_QUOTED_FOR_TARGET_14)",
					"$(LIBRARY_SEARCH_PATHS_QUOTED_FOR_TARGET_15)",
					"$(LIBRARY_SEARCH_PATHS_QUOTED_FOR_TARGET_2)",
					"$(LIBRARY_SEARCH_PATHS_QUOTED_FOR_TARGET_3)",
					"$(LIBRARY_SEARCH_PATHS_QUOTED_FOR_TARGET_7)",
					"$(LIBRARY_SEARCH_PATHS_QUOTED_FOR_TARGET_8)",
					"$(LIBRARY_SEARCH_PATHS_QUOTED_FOR_TARGET_9)",
					"$(LIBRARY_SEARCH_PATHS_QUOTED_FOR_TARGET_10)",
					"$(LIBRARY_SEARCH_PATHS_QUOTED_FOR_TARGET_11)",
					"$(LIBRARY_SEARCH_PATHS_QUOTED_FOR_TARGET_12)",
					"$(LIBRARY_SEARCH_PATHS_QUOTED_FOR_TARGET_13)",
					"$(LIBRARY_SEARCH_PATHS_QUOTED_FOR_TARGET_16)",
					"$(LIBRARY_SEARCH_PATHS_QUOTED_FOR_TARGET_17)",
					"$(LIBRARY_SEARCH_PATHS_QUOTED_FOR_TARGET_18)",
					"$(LIBRARY_SEARCH_PATHS_QUOTED_FOR_TARGET_19)",
					"$(LIBRARY_SEARCH_PATHS_QUOTED_FOR_TARGET_20)",
					"$(LIBRARY_SEARCH_PATHS_QUOTED_FOR_TARGET_21)",
					"$(LIBRARY_SEARCH_PATHS_QUOTED_FOR_TARGET_22)",
					"$(LIBRARY_SEARCH_PATHS_QUOTED_FOR_TARGET_23)",
					"$(LIBRARY_SEARCH_PATHS_QUOTED_FOR_TARGET_24)",
					"$(LIBRARY_SEARCH_PATHS_QUOTED_FOR_TARGET_25)",
					"$(LIBRARY_SEARCH_PATHS_QUOTED_FOR_TARGET_26)",
					"$(LIBRARY_SEARCH_PATHS_QUOTED_FOR_TARGET_27)",
					"$(LIBRARY_SEARCH_PATHS_QUOTED_FOR_TARGET_28)",
					"$(LIBRARY_SEARCH_PATHS_QUOTED_FOR_TARGET_29)",
					"$(LIBRARY_SEARCH_PATHS_QUOTED_FOR_TARGET_30)",
					"$(LIBRARY_SEARCH_PATHS_QUOTED_FOR_TARGET_31)",
					"$(LIBRARY_SEARCH_PATHS_QUOTED_FOR_TARGET_32)",
					"$(LIBRARY_SEARCH_PATHS_QUOTED_FOR_TARGET_33)",
					"$(LIBRARY_SEARCH_PATHS_QUOTED_FOR_TARGET_34)",
					"$(LIBRARY_SEARCH_PATHS_QUOTED_FOR_TARGET_35)",
					"$(LIBRARY_SEARCH_PATHS_QUOTED_FOR_TARGET_36)",
					"$(LIBRARY_SEARCH_PATHS_QUOTED_FOR_TARGET_37)",
					"$(LIBRARY_SEARCH_PATHS_QUOTED_FOR_TARGET_38)",
					"$(LIBRARY_SEARCH_PATHS_QUOTED_FOR_TARGET_39)",
					"$(LIBRARY_SEARCH_PATHS_QUOTED_FOR_TARGET_40)",
					"$(LIBRARY_SEARCH_PATHS_QUOTED_FOR_TARGET_41)",
					"$(LIBRARY_SEARCH_PATHS_QUOTED_FOR_TARGET_42)",
					"$(LIBRARY_SEARCH_PATHS_QUOTED_FOR_TARGET_43)",
					"$(LIBRARY_SEARCH_PATHS_QUOTED_FOR_TARGET_44)",
					"$(LIBRARY_SEARCH_PATHS_QUOTED_FOR_TARGET_45)",
					"$(LIBRARY_SEARCH_PATHS_QUOTED_FOR_TARGET_46)",
					"$(LIBRARY_SEARCH_PATHS_QUOTED_FOR_TARGET_47)",
					"$(LIBRARY_SEARCH_PATHS_QUOTED_FOR_TARGET_48)",
					"$(LIBRARY_SEARCH_PATHS_QUOTED_FOR_TARGET_49)",
					"$(LIBRARY_SEARCH_PATHS_QUOTED_FOR_TARGET_50)",
					"$(LIBRARY_SEARCH_PATHS_QUOTED_FOR_TARGET_51)",
					"$(LIBRARY_SEARCH_PATHS_QUOTED_FOR_TARGET_52)",
					"\"$(SRCROOT)/../../../addons/wiic/lib/osx\"",
					"\"$(SRCROOT)/../../../addons/wiicpp/lib/osx\"",
				);
				PRODUCT_NAME = sensePrototypeDebug;
				USER_HEADER_SEARCH_PATHS = "$(OF_CORE_HEADERS) src ../../../addons/ofxOsc/** /usr/local/include ../../../addons/wiicpp/include ../../../addons/wiic/include";
				WRAPPER_EXTENSION = app;
			};
			name = Debug;
		};
		E4B69B610A3A1757003C02F2 /* Release */ = {
			isa = XCBuildConfiguration;
			buildSettings = {
				COPY_PHASE_STRIP = YES;
				FRAMEWORK_SEARCH_PATHS = (
					"$(inherited)",
					"$(FRAMEWORK_SEARCH_PATHS_QUOTED_FOR_TARGET_1)",
				);
				FRAMEWORK_SEARCH_PATHS_QUOTED_FOR_TARGET_1 = "\"$(SRCROOT)/../../../libs/glut/lib/osx\"";
				GCC_GENERATE_DEBUGGING_SYMBOLS = YES;
				GCC_INPUT_FILETYPE = automatic;
				GCC_MODEL_TUNING = NONE;
				GCC_PRECOMPILE_PREFIX_HEADER = YES;
				GCC_PREFIX_HEADER = "$(SYSTEM_LIBRARY_DIR)/Frameworks/Carbon.framework/Headers/Carbon.h";
				GCC_VERSION = com.apple.compilers.llvmgcc42;
				HEADER_SEARCH_PATHS = (
					"$(OF_CORE_HEADERS)",
					src,
					"../../../addons/ofxOsc/**",
					/usr/local/include,
					../../../addons/wiic/include,
					../../../addons/wiicpp/include,
				);
				INFOPLIST_FILE = "openFrameworks-Info.plist";
				INSTALL_PATH = "$(HOME)/Applications";
				LIBRARY_SEARCH_PATHS = (
					"$(inherited)",
					"$(LIBRARY_SEARCH_PATHS_QUOTED_FOR_TARGET_1)",
					"$(LIBRARY_SEARCH_PATHS_QUOTED_FOR_TARGET_2)",
					"$(LIBRARY_SEARCH_PATHS_QUOTED_FOR_TARGET_3)",
					"$(LIBRARY_SEARCH_PATHS_QUOTED_FOR_TARGET_4)",
					"$(LIBRARY_SEARCH_PATHS_QUOTED_FOR_TARGET_5)",
					"$(LIBRARY_SEARCH_PATHS_QUOTED_FOR_TARGET_6)",
					"$(LIBRARY_SEARCH_PATHS_QUOTED_FOR_TARGET_7)",
					"$(LIBRARY_SEARCH_PATHS_QUOTED_FOR_TARGET_8)",
					"$(LIBRARY_SEARCH_PATHS_QUOTED_FOR_TARGET_9)",
					"$(LIBRARY_SEARCH_PATHS_QUOTED_FOR_TARGET_10)",
					"$(LIBRARY_SEARCH_PATHS_QUOTED_FOR_TARGET_11)",
					"$(LIBRARY_SEARCH_PATHS_QUOTED_FOR_TARGET_12)",
					"$(LIBRARY_SEARCH_PATHS_QUOTED_FOR_TARGET_13)",
					"$(LIBRARY_SEARCH_PATHS_QUOTED_FOR_TARGET_14)",
					"$(LIBRARY_SEARCH_PATHS_QUOTED_FOR_TARGET_15)",
					"$(LIBRARY_SEARCH_PATHS_QUOTED_FOR_TARGET_2)",
					"$(LIBRARY_SEARCH_PATHS_QUOTED_1)",
					"$(LIBRARY_SEARCH_PATHS_QUOTED_FOR_TARGET_3)",
					"$(LIBRARY_SEARCH_PATHS_QUOTED_FOR_TARGET_7)",
					"$(LIBRARY_SEARCH_PATHS_QUOTED_FOR_TARGET_8)",
					"$(LIBRARY_SEARCH_PATHS_QUOTED_FOR_TARGET_9)",
					"$(LIBRARY_SEARCH_PATHS_QUOTED_FOR_TARGET_10)",
					"$(LIBRARY_SEARCH_PATHS_QUOTED_FOR_TARGET_11)",
					"$(LIBRARY_SEARCH_PATHS_QUOTED_FOR_TARGET_12)",
					"$(LIBRARY_SEARCH_PATHS_QUOTED_FOR_TARGET_13)",
					"$(LIBRARY_SEARCH_PATHS_QUOTED_FOR_TARGET_16)",
					"$(LIBRARY_SEARCH_PATHS_QUOTED_FOR_TARGET_17)",
					"$(LIBRARY_SEARCH_PATHS_QUOTED_FOR_TARGET_18)",
					"$(LIBRARY_SEARCH_PATHS_QUOTED_FOR_TARGET_19)",
					"$(LIBRARY_SEARCH_PATHS_QUOTED_FOR_TARGET_20)",
					"$(LIBRARY_SEARCH_PATHS_QUOTED_FOR_TARGET_21)",
					"$(LIBRARY_SEARCH_PATHS_QUOTED_FOR_TARGET_22)",
					"$(LIBRARY_SEARCH_PATHS_QUOTED_FOR_TARGET_23)",
					"$(LIBRARY_SEARCH_PATHS_QUOTED_FOR_TARGET_24)",
					"$(LIBRARY_SEARCH_PATHS_QUOTED_FOR_TARGET_25)",
					"$(LIBRARY_SEARCH_PATHS_QUOTED_FOR_TARGET_26)",
					"$(LIBRARY_SEARCH_PATHS_QUOTED_FOR_TARGET_27)",
					"$(LIBRARY_SEARCH_PATHS_QUOTED_FOR_TARGET_28)",
					"$(LIBRARY_SEARCH_PATHS_QUOTED_FOR_TARGET_29)",
					"$(LIBRARY_SEARCH_PATHS_QUOTED_FOR_TARGET_30)",
					"$(LIBRARY_SEARCH_PATHS_QUOTED_FOR_TARGET_31)",
					"$(LIBRARY_SEARCH_PATHS_QUOTED_FOR_TARGET_32)",
					"$(LIBRARY_SEARCH_PATHS_QUOTED_FOR_TARGET_33)",
					"$(LIBRARY_SEARCH_PATHS_QUOTED_FOR_TARGET_34)",
					"$(LIBRARY_SEARCH_PATHS_QUOTED_FOR_TARGET_35)",
					"$(LIBRARY_SEARCH_PATHS_QUOTED_FOR_TARGET_36)",
					"$(LIBRARY_SEARCH_PATHS_QUOTED_FOR_TARGET_37)",
					"$(LIBRARY_SEARCH_PATHS_QUOTED_FOR_TARGET_38)",
					"$(LIBRARY_SEARCH_PATHS_QUOTED_FOR_TARGET_39)",
					"$(LIBRARY_SEARCH_PATHS_QUOTED_FOR_TARGET_40)",
					"$(LIBRARY_SEARCH_PATHS_QUOTED_FOR_TARGET_41)",
					"$(LIBRARY_SEARCH_PATHS_QUOTED_FOR_TARGET_42)",
					"$(LIBRARY_SEARCH_PATHS_QUOTED_FOR_TARGET_43)",
					"$(LIBRARY_SEARCH_PATHS_QUOTED_FOR_TARGET_44)",
					"$(LIBRARY_SEARCH_PATHS_QUOTED_FOR_TARGET_45)",
					"$(LIBRARY_SEARCH_PATHS_QUOTED_FOR_TARGET_46)",
					"$(LIBRARY_SEARCH_PATHS_QUOTED_FOR_TARGET_47)",
					"$(LIBRARY_SEARCH_PATHS_QUOTED_FOR_TARGET_48)",
					"$(LIBRARY_SEARCH_PATHS_QUOTED_FOR_TARGET_49)",
					"$(LIBRARY_SEARCH_PATHS_QUOTED_FOR_TARGET_50)",
					"$(LIBRARY_SEARCH_PATHS_QUOTED_FOR_TARGET_51)",
					"\"$(SRCROOT)/../../../addons/wiic/lib/osx\"",
					"\"$(SRCROOT)/../../../addons/wiicpp/lib/osx\"",
				);
				PRODUCT_NAME = sensePrototype;
				USER_HEADER_SEARCH_PATHS = "$(OF_CORE_HEADERS) src ../../../addons/ofxOsc/** /usr/local/include ../../../addons/wiicpp/include ../../../addons/wiic/include";
				WRAPPER_EXTENSION = app;
			};
			name = Release;
		};
/* End XCBuildConfiguration section */

/* Begin XCConfigurationList section */
		E4B69B4D0A3A1720003C02F2 /* Build configuration list for PBXProject "sensePrototype" */ = {
			isa = XCConfigurationList;
			buildConfigurations = (
				E4B69B4E0A3A1720003C02F2 /* Debug */,
				E4B69B4F0A3A1720003C02F2 /* Release */,
			);
			defaultConfigurationIsVisible = 0;
			defaultConfigurationName = Release;
		};
		E4B69B5F0A3A1757003C02F2 /* Build configuration list for PBXNativeTarget "sensePrototype" */ = {
			isa = XCConfigurationList;
			buildConfigurations = (
				E4B69B600A3A1757003C02F2 /* Debug */,
				E4B69B610A3A1757003C02F2 /* Release */,
			);
			defaultConfigurationIsVisible = 0;
			defaultConfigurationName = Release;
		};
/* End XCConfigurationList section */
	};
	rootObject = E4B69B4C0A3A1720003C02F2 /* Project object */;
}
