// !$*UTF8*$!
{
	archiveVersion = 1;
	classes = {
	};
	objectVersion = 46;
	objects = {

/* Begin PBXBuildFile section */
		DD11C4CF1582B3F800A9369F /* ioPhidget.cpp in Sources */ = {isa = PBXBuildFile; fileRef = DD11C4CE1582B3F800A9369F /* ioPhidget.cpp */; };
		DD1F6EEB15DAA4DD0050A268 /* libopencv_video.2.4.2.dylib in Frameworks */ = {isa = PBXBuildFile; fileRef = DD1F6EEA15DAA4DD0050A268 /* libopencv_video.2.4.2.dylib */; };
		DD2BDA7F1585F591000FD88F /* vPreprocess.cpp in Sources */ = {isa = PBXBuildFile; fileRef = DD2BDA7E1585F591000FD88F /* vPreprocess.cpp */; };
		DD2BDA86158BF622000FD88F /* oFrameworks.cpp in Sources */ = {isa = PBXBuildFile; fileRef = DD2BDA85158BF622000FD88F /* oFrameworks.cpp */; };
		DD6D5B4815922718006ADB4B /* Phidget21.framework in Frameworks */ = {isa = PBXBuildFile; fileRef = DD6D5B4715922718006ADB4B /* Phidget21.framework */; };
		DDA0424F15CC40B0004381D4 /* libopencv_calib3d.2.4.2.dylib in Frameworks */ = {isa = PBXBuildFile; fileRef = DDA0424915CC40B0004381D4 /* libopencv_calib3d.2.4.2.dylib */; };
		DDA0425015CC40B0004381D4 /* libopencv_core.2.4.2.dylib in Frameworks */ = {isa = PBXBuildFile; fileRef = DDA0424A15CC40B0004381D4 /* libopencv_core.2.4.2.dylib */; };
		DDA0425115CC40B0004381D4 /* libopencv_highgui.2.4.2.dylib in Frameworks */ = {isa = PBXBuildFile; fileRef = DDA0424B15CC40B0004381D4 /* libopencv_highgui.2.4.2.dylib */; };
		DDA0425215CC40B0004381D4 /* libopencv_imgproc.2.4.2.dylib in Frameworks */ = {isa = PBXBuildFile; fileRef = DDA0424C15CC40B0004381D4 /* libopencv_imgproc.2.4.2.dylib */; };
		DDA0425315CC40B0004381D4 /* libopencv_legacy.2.4.2.dylib in Frameworks */ = {isa = PBXBuildFile; fileRef = DDA0424D15CC40B0004381D4 /* libopencv_legacy.2.4.2.dylib */; };
		DDA0425415CC40B0004381D4 /* libopencv_objdetect.2.4.2.dylib in Frameworks */ = {isa = PBXBuildFile; fileRef = DDA0424E15CC40B0004381D4 /* libopencv_objdetect.2.4.2.dylib */; };
		DDA0427715CEBC76004381D4 /* old_main.cpp in Sources */ = {isa = PBXBuildFile; fileRef = DDA0427615CEBC76004381D4 /* old_main.cpp */; };
		DDA967D014DF209800E1E92D /* main.cpp in Sources */ = {isa = PBXBuildFile; fileRef = DDA967CF14DF209800E1E92D /* main.cpp */; };
/* End PBXBuildFile section */

/* Begin PBXCopyFilesBuildPhase section */
		DDA967C914DF209800E1E92D /* CopyFiles */ = {
			isa = PBXCopyFilesBuildPhase;
			buildActionMask = 2147483647;
			dstPath = /usr/share/man/man1/;
			dstSubfolderSpec = 0;
			files = (
			);
			runOnlyForDeploymentPostprocessing = 1;
		};
/* End PBXCopyFilesBuildPhase section */

/* Begin PBXFileReference section */
		DD11C4CD1582B36C00A9369F /* main.h */ = {isa = PBXFileReference; fileEncoding = 4; lastKnownFileType = sourcecode.c.h; path = main.h; sourceTree = "<group>"; };
		DD11C4CE1582B3F800A9369F /* ioPhidget.cpp */ = {isa = PBXFileReference; fileEncoding = 4; lastKnownFileType = sourcecode.cpp.cpp; name = ioPhidget.cpp; path = IO/ioPhidget.cpp; sourceTree = "<group>"; };
		DD11C4D11582B43800A9369F /* ioPhidget.h */ = {isa = PBXFileReference; fileEncoding = 4; lastKnownFileType = sourcecode.c.h; name = ioPhidget.h; path = IO/ioPhidget.h; sourceTree = "<group>"; };
		DD1951671577DD8700E41FD9 /* libcvblob.dylib */ = {isa = PBXFileReference; lastKnownFileType = "compiled.mach-o.dylib"; name = libcvblob.dylib; path = ../../../../../usr/local/lib/libcvblob.dylib; sourceTree = "<group>"; };
		DD1F6EEA15DAA4DD0050A268 /* libopencv_video.2.4.2.dylib */ = {isa = PBXFileReference; lastKnownFileType = "compiled.mach-o.dylib"; name = libopencv_video.2.4.2.dylib; path = ../../../../../opt/local/lib/libopencv_video.2.4.2.dylib; sourceTree = "<group>"; };
		DD2BDA7C1585F572000FD88F /* vPreprocess.h */ = {isa = PBXFileReference; fileEncoding = 4; lastKnownFileType = sourcecode.c.h; name = vPreprocess.h; path = vision/vPreprocess.h; sourceTree = "<group>"; };
		DD2BDA7E1585F591000FD88F /* vPreprocess.cpp */ = {isa = PBXFileReference; fileEncoding = 4; lastKnownFileType = sourcecode.cpp.cpp; name = vPreprocess.cpp; path = vision/vPreprocess.cpp; sourceTree = "<group>"; };
		DD2BDA85158BF622000FD88F /* oFrameworks.cpp */ = {isa = PBXFileReference; fileEncoding = 4; lastKnownFileType = sourcecode.cpp.cpp; path = oFrameworks.cpp; sourceTree = "<group>"; };
		DD6D5B4715922718006ADB4B /* Phidget21.framework */ = {isa = PBXFileReference; lastKnownFileType = wrapper.framework; name = Phidget21.framework; path = ../../../../../Library/Frameworks/Phidget21.framework; sourceTree = "<group>"; };
		DDA0424915CC40B0004381D4 /* libopencv_calib3d.2.4.2.dylib */ = {isa = PBXFileReference; lastKnownFileType = "compiled.mach-o.dylib"; name = libopencv_calib3d.2.4.2.dylib; path = ../../../../../opt/local/lib/libopencv_calib3d.2.4.2.dylib; sourceTree = "<group>"; };
		DDA0424A15CC40B0004381D4 /* libopencv_core.2.4.2.dylib */ = {isa = PBXFileReference; lastKnownFileType = "compiled.mach-o.dylib"; name = libopencv_core.2.4.2.dylib; path = ../../../../../opt/local/lib/libopencv_core.2.4.2.dylib; sourceTree = "<group>"; };
		DDA0424B15CC40B0004381D4 /* libopencv_highgui.2.4.2.dylib */ = {isa = PBXFileReference; lastKnownFileType = "compiled.mach-o.dylib"; name = libopencv_highgui.2.4.2.dylib; path = ../../../../../opt/local/lib/libopencv_highgui.2.4.2.dylib; sourceTree = "<group>"; };
		DDA0424C15CC40B0004381D4 /* libopencv_imgproc.2.4.2.dylib */ = {isa = PBXFileReference; lastKnownFileType = "compiled.mach-o.dylib"; name = libopencv_imgproc.2.4.2.dylib; path = ../../../../../opt/local/lib/libopencv_imgproc.2.4.2.dylib; sourceTree = "<group>"; };
		DDA0424D15CC40B0004381D4 /* libopencv_legacy.2.4.2.dylib */ = {isa = PBXFileReference; lastKnownFileType = "compiled.mach-o.dylib"; name = libopencv_legacy.2.4.2.dylib; path = ../../../../../opt/local/lib/libopencv_legacy.2.4.2.dylib; sourceTree = "<group>"; };
		DDA0424E15CC40B0004381D4 /* libopencv_objdetect.2.4.2.dylib */ = {isa = PBXFileReference; lastKnownFileType = "compiled.mach-o.dylib"; name = libopencv_objdetect.2.4.2.dylib; path = ../../../../../opt/local/lib/libopencv_objdetect.2.4.2.dylib; sourceTree = "<group>"; };
		DDA0427615CEBC76004381D4 /* old_main.cpp */ = {isa = PBXFileReference; fileEncoding = 4; lastKnownFileType = sourcecode.cpp.cpp; path = old_main.cpp; sourceTree = "<group>"; };
		DDA967CB14DF209800E1E92D /* msc-platform */ = {isa = PBXFileReference; explicitFileType = "compiled.mach-o.executable"; includeInIndex = 0; path = "msc-platform"; sourceTree = BUILT_PRODUCTS_DIR; };
		DDA967CF14DF209800E1E92D /* main.cpp */ = {isa = PBXFileReference; lastKnownFileType = sourcecode.cpp.cpp; path = main.cpp; sourceTree = "<group>"; };
/* End PBXFileReference section */

/* Begin PBXFrameworksBuildPhase section */
		DDA967C814DF209800E1E92D /* Frameworks */ = {
			isa = PBXFrameworksBuildPhase;
			buildActionMask = 2147483647;
			files = (
				DD6D5B4815922718006ADB4B /* Phidget21.framework in Frameworks */,
				DDA0424F15CC40B0004381D4 /* libopencv_calib3d.2.4.2.dylib in Frameworks */,
				DDA0425015CC40B0004381D4 /* libopencv_core.2.4.2.dylib in Frameworks */,
				DDA0425115CC40B0004381D4 /* libopencv_highgui.2.4.2.dylib in Frameworks */,
				DDA0425215CC40B0004381D4 /* libopencv_imgproc.2.4.2.dylib in Frameworks */,
				DDA0425315CC40B0004381D4 /* libopencv_legacy.2.4.2.dylib in Frameworks */,
				DDA0425415CC40B0004381D4 /* libopencv_objdetect.2.4.2.dylib in Frameworks */,
				DD1F6EEB15DAA4DD0050A268 /* libopencv_video.2.4.2.dylib in Frameworks */,
			);
			runOnlyForDeploymentPostprocessing = 0;
		};
/* End PBXFrameworksBuildPhase section */

/* Begin PBXGroup section */
		DD11C4D01582B41500A9369F /* interface */ = {
			isa = PBXGroup;
			children = (
				DD11C4CE1582B3F800A9369F /* ioPhidget.cpp */,
				DD11C4D11582B43800A9369F /* ioPhidget.h */,
			);
			name = interface;
			sourceTree = "<group>";
		};
		DD2BDA7D1585F578000FD88F /* vision */ = {
			isa = PBXGroup;
			children = (
				DD2BDA7C1585F572000FD88F /* vPreprocess.h */,
				DD2BDA7E1585F591000FD88F /* vPreprocess.cpp */,
			);
			name = vision;
			sourceTree = "<group>";
		};
		DD92936C14E19400007A6C68 /* OpenCV.framework */ = {
			isa = PBXGroup;
			children = (
				DD1F6EEA15DAA4DD0050A268 /* libopencv_video.2.4.2.dylib */,
				DDA0424915CC40B0004381D4 /* libopencv_calib3d.2.4.2.dylib */,
				DDA0424A15CC40B0004381D4 /* libopencv_core.2.4.2.dylib */,
				DDA0424B15CC40B0004381D4 /* libopencv_highgui.2.4.2.dylib */,
				DDA0424C15CC40B0004381D4 /* libopencv_imgproc.2.4.2.dylib */,
				DDA0424D15CC40B0004381D4 /* libopencv_legacy.2.4.2.dylib */,
				DDA0424E15CC40B0004381D4 /* libopencv_objdetect.2.4.2.dylib */,
			);
			name = OpenCV.framework;
			sourceTree = "<group>";
		};
		DDA967C014DF209800E1E92D = {
			isa = PBXGroup;
			children = (
				DD6D5B4715922718006ADB4B /* Phidget21.framework */,
				DD2BDA7D1585F578000FD88F /* vision */,
				DD11C4D01582B41500A9369F /* interface */,
				DDE886E215754C8E0090CBA0 /* cvBlob-legacy.framework */,
				DD92936C14E19400007A6C68 /* OpenCV.framework */,
				DDA967CE14DF209800E1E92D /* src */,
				DDA967CC14DF209800E1E92D /* Products */,
			);
			sourceTree = "<group>";
		};
		DDA967CC14DF209800E1E92D /* Products */ = {
			isa = PBXGroup;
			children = (
				DDA967CB14DF209800E1E92D /* msc-platform */,
			);
			name = Products;
			sourceTree = "<group>";
		};
		DDA967CE14DF209800E1E92D /* src */ = {
			isa = PBXGroup;
			children = (
				DDA967CF14DF209800E1E92D /* main.cpp */,
				DD11C4CD1582B36C00A9369F /* main.h */,
				DD2BDA85158BF622000FD88F /* oFrameworks.cpp */,
				DDA0427615CEBC76004381D4 /* old_main.cpp */,
			);
			name = src;
			path = OpenCV;
			sourceTree = "<group>";
		};
		DDE886E215754C8E0090CBA0 /* cvBlob-legacy.framework */ = {
			isa = PBXGroup;
			children = (
				DD1951671577DD8700E41FD9 /* libcvblob.dylib */,
			);
			name = "cvBlob-legacy.framework";
			sourceTree = "<group>";
		};
/* End PBXGroup section */

/* Begin PBXNativeTarget section */
		DDA967CA14DF209800E1E92D /* msc-platform */ = {
			isa = PBXNativeTarget;
			buildConfigurationList = DDA967D514DF209800E1E92D /* Build configuration list for PBXNativeTarget "msc-platform" */;
			buildPhases = (
				DDA967C714DF209800E1E92D /* Sources */,
				DDA967C814DF209800E1E92D /* Frameworks */,
				DDA967C914DF209800E1E92D /* CopyFiles */,
			);
			buildRules = (
			);
			dependencies = (
			);
			name = "msc-platform";
			productName = OpenCV;
			productReference = DDA967CB14DF209800E1E92D /* msc-platform */;
			productType = "com.apple.product-type.tool";
		};
/* End PBXNativeTarget section */

/* Begin PBXProject section */
		DDA967C214DF209800E1E92D /* Project object */ = {
			isa = PBXProject;
			attributes = {
				LastUpgradeCheck = 0430;
			};
			buildConfigurationList = DDA967C514DF209800E1E92D /* Build configuration list for PBXProject "msc-platform" */;
			compatibilityVersion = "Xcode 3.2";
			developmentRegion = English;
			hasScannedForEncodings = 0;
			knownRegions = (
				en,
				English,
			);
			mainGroup = DDA967C014DF209800E1E92D;
			productRefGroup = DDA967CC14DF209800E1E92D /* Products */;
			projectDirPath = "";
			projectRoot = "";
			targets = (
				DDA967CA14DF209800E1E92D /* msc-platform */,
			);
		};
/* End PBXProject section */

/* Begin PBXSourcesBuildPhase section */
		DDA967C714DF209800E1E92D /* Sources */ = {
			isa = PBXSourcesBuildPhase;
			buildActionMask = 2147483647;
			files = (
				DDA967D014DF209800E1E92D /* main.cpp in Sources */,
				DD11C4CF1582B3F800A9369F /* ioPhidget.cpp in Sources */,
				DD2BDA7F1585F591000FD88F /* vPreprocess.cpp in Sources */,
				DD2BDA86158BF622000FD88F /* oFrameworks.cpp in Sources */,
				DDA0427715CEBC76004381D4 /* old_main.cpp in Sources */,
			);
			runOnlyForDeploymentPostprocessing = 0;
		};
/* End PBXSourcesBuildPhase section */

/* Begin XCBuildConfiguration section */
		DDA967D314DF209800E1E92D /* Debug */ = {
			isa = XCBuildConfiguration;
			buildSettings = {
				ALWAYS_SEARCH_USER_PATHS = NO;
				ARCHS = "$(NATIVE_ARCH_ACTUAL)";
				COPY_PHASE_STRIP = NO;
				GCC_C_LANGUAGE_STANDARD = gnu99;
				GCC_DYNAMIC_NO_PIC = NO;
				GCC_ENABLE_OBJC_EXCEPTIONS = YES;
				GCC_OPTIMIZATION_LEVEL = 0;
				GCC_PREPROCESSOR_DEFINITIONS = (
					"DEBUG=1",
					"$(inherited)",
				);
				GCC_SYMBOLS_PRIVATE_EXTERN = NO;
				GCC_VERSION = com.apple.compilers.llvmgcc42;
				GCC_WARN_64_TO_32_BIT_CONVERSION = YES;
				GCC_WARN_ABOUT_MISSING_PROTOTYPES = YES;
				GCC_WARN_ABOUT_RETURN_TYPE = YES;
				GCC_WARN_UNUSED_VARIABLE = YES;
				MACOSX_DEPLOYMENT_TARGET = 10.7;
				ONLY_ACTIVE_ARCH = YES;
				SDKROOT = macosx;
			};
			name = Debug;
		};
		DDA967D414DF209800E1E92D /* Release */ = {
			isa = XCBuildConfiguration;
			buildSettings = {
				ALWAYS_SEARCH_USER_PATHS = NO;
				ARCHS = "$(NATIVE_ARCH_ACTUAL)";
				COPY_PHASE_STRIP = YES;
				DEBUG_INFORMATION_FORMAT = "dwarf-with-dsym";
				GCC_C_LANGUAGE_STANDARD = gnu99;
				GCC_ENABLE_OBJC_EXCEPTIONS = YES;
				GCC_VERSION = com.apple.compilers.llvmgcc42;
				GCC_WARN_64_TO_32_BIT_CONVERSION = YES;
				GCC_WARN_ABOUT_MISSING_PROTOTYPES = YES;
				GCC_WARN_ABOUT_RETURN_TYPE = YES;
				GCC_WARN_UNUSED_VARIABLE = YES;
				MACOSX_DEPLOYMENT_TARGET = 10.7;
				ONLY_ACTIVE_ARCH = NO;
				SDKROOT = macosx;
			};
			name = Release;
		};
		DDA967D614DF209800E1E92D /* Debug */ = {
			isa = XCBuildConfiguration;
			buildSettings = {
				ARCHS = "$(NATIVE_ARCH_ACTUAL)";
				GCC_VERSION = com.apple.compilers.llvm.clang.1_0;
				"HEADER_SEARCH_PATHS[arch=*]" = (
					/usr/local/include/,
					/opt/local/include/,
					/opt/local/include/opencv,
					/opt/local/include/opencv2,
					/Users/kamilzainal/Documents/OpenCV/OpenCV/addons/ofxOsc/libs,
					/Users/kamilzainal/Documents/OpenCV/OpenCV/addons/ofxOsc/libs/oscpack,
					/Users/kamilzainal/Documents/OpenCV/OpenCV/addons/ofxOsc/libs/oscpack/src,
					/Users/kamilzainal/Documents/OpenCV/OpenCV/addons/ofxOsc/libs/oscpack/src/ip,
					/Users/kamilzainal/Documents/OpenCV/OpenCV/addons/ofxOsc/libs/oscpack/src/ip/posix,
					/Users/kamilzainal/Documents/OpenCV/OpenCV/addons/ofxOsc/libs/oscpack/src/ip/win32,
					/Users/kamilzainal/Documents/OpenCV/OpenCV/addons/ofxOsc/libs/oscpack/src/osc,
					/Users/kamilzainal/Documents/OpenCV/OpenCV/addons/ofxOsc/src,
				);
				LIBRARY_SEARCH_PATHS = (
					"$(inherited)",
					/opt/local/lib,
					/opt/local/lib/db46,
					"\"/opt/local/lib/perl5/5.12.4/darwin-thread-multi-2level/CORE\"",
				);
				ONLY_ACTIVE_ARCH = NO;
				PRODUCT_NAME = "msc-platform";
				SDKROOT = "";
				USER_HEADER_SEARCH_PATHS = "/usr/local/lib $(inherited) /opt/local/lib /opt/local/lib/db46 \"/opt/local/lib/perl5/5.12.4/darwin-multi-2level/CORE\"";
			};
			name = Debug;
		};
		DDA967D714DF209800E1E92D /* Release */ = {
			isa = XCBuildConfiguration;
			buildSettings = {
				ARCHS = "$(NATIVE_ARCH_ACTUAL)";
				GCC_VERSION = com.apple.compilers.llvm.clang.1_0;
				"HEADER_SEARCH_PATHS[arch=*]" = (
					/usr/local/include/,
					/opt/local/include/,
					/opt/local/include/opencv,
					/opt/local/include/opencv2,
				);
				LIBRARY_SEARCH_PATHS = (
					"$(inherited)",
					/opt/local/lib,
					/opt/local/lib/db46,
					"\"/opt/local/lib/perl5/5.12.3/darwin-thread-multi-2level/CORE\"",
				);
				ONLY_ACTIVE_ARCH = NO;
				PRODUCT_NAME = "msc-platform";
				SDKROOT = "";
				USER_HEADER_SEARCH_PATHS = "/usr/local/lib $(inherited) /opt/local/lib /opt/local/lib/db46 \"/opt/local/lib/perl5/5.12.4/darwin-multi-2level/CORE\"";
			};
			name = Release;
		};
/* End XCBuildConfiguration section */

/* Begin XCConfigurationList section */
		DDA967C514DF209800E1E92D /* Build configuration list for PBXProject "msc-platform" */ = {
			isa = XCConfigurationList;
			buildConfigurations = (
				DDA967D314DF209800E1E92D /* Debug */,
				DDA967D414DF209800E1E92D /* Release */,
			);
			defaultConfigurationIsVisible = 0;
			defaultConfigurationName = Release;
		};
		DDA967D514DF209800E1E92D /* Build configuration list for PBXNativeTarget "msc-platform" */ = {
			isa = XCConfigurationList;
			buildConfigurations = (
				DDA967D614DF209800E1E92D /* Debug */,
				DDA967D714DF209800E1E92D /* Release */,
			);
			defaultConfigurationIsVisible = 0;
			defaultConfigurationName = Release;
		};
/* End XCConfigurationList section */
	};
	rootObject = DDA967C214DF209800E1E92D /* Project object */;
}
